// !$*UTF8*$!
{
	archiveVersion = 1;
	classes = {
	};
	objectVersion = 46;
	objects = {

/* Begin PBXBuildFile section */
		6B35B017D7C7AC2EB65946EF /* Pods_Shuffles.framework in Frameworks */ = {isa = PBXBuildFile; fileRef = 471CA7B841A92D5EF573B32C /* Pods_Shuffles.framework */; };
		920BF8201D3FF5E300104842 /* CloseButton.swift in Sources */ = {isa = PBXBuildFile; fileRef = 920BF81B1D3FF5E300104842 /* CloseButton.swift */; };
		920BF8211D3FF5E300104842 /* Info.plist in Resources */ = {isa = PBXBuildFile; fileRef = 920BF81C1D3FF5E300104842 /* Info.plist */; };
		920BF8221D3FF5E300104842 /* TagListView.swift in Sources */ = {isa = PBXBuildFile; fileRef = 920BF81E1D3FF5E300104842 /* TagListView.swift */; };
		920BF8231D3FF5E300104842 /* TagView.swift in Sources */ = {isa = PBXBuildFile; fileRef = 920BF81F1D3FF5E300104842 /* TagView.swift */; };
		920BF8251D3FF63A00104842 /* SpecialtyTagView.swift in Sources */ = {isa = PBXBuildFile; fileRef = 920BF8241D3FF63A00104842 /* SpecialtyTagView.swift */; };
		920BF8271D415FC000104842 /* SearchTagsViewController.swift in Sources */ = {isa = PBXBuildFile; fileRef = 920BF8261D415FC000104842 /* SearchTagsViewController.swift */; };
		920BF8291D41DF9400104842 /* EditProfileViewController.swift in Sources */ = {isa = PBXBuildFile; fileRef = 920BF8281D41DF9400104842 /* EditProfileViewController.swift */; };
		920BF8321D431CD000104842 /* MatchDataStore.swift in Sources */ = {isa = PBXBuildFile; fileRef = 920BF8311D431CD000104842 /* MatchDataStore.swift */; };
		920BF8341D432E2500104842 /* MatchesViewController.swift in Sources */ = {isa = PBXBuildFile; fileRef = 920BF8331D432E2500104842 /* MatchesViewController.swift */; };
		920BF8371D43346B00104842 /* Chat.swift in Sources */ = {isa = PBXBuildFile; fileRef = 920BF8361D43346B00104842 /* Chat.swift */; };
		920BF8391D4334DF00104842 /* ChatViewController.swift in Sources */ = {isa = PBXBuildFile; fileRef = 920BF8381D4334DF00104842 /* ChatViewController.swift */; };
		922C89841D4A07D500DE1373 /* ChachaDropDownMenu.swift in Sources */ = {isa = PBXBuildFile; fileRef = 922C89831D4A07D500DE1373 /* ChachaDropDownMenu.swift */; };
		922C89861D4B1F1D00DE1373 /* ScrollViewSearchView.xib in Resources */ = {isa = PBXBuildFile; fileRef = 922C89851D4B1F1D00DE1373 /* ScrollViewSearchView.xib */; };
		922C89881D4B1F6400DE1373 /* ScrollViewSearchView.swift in Sources */ = {isa = PBXBuildFile; fileRef = 922C89871D4B1F6400DE1373 /* ScrollViewSearchView.swift */; };
		922C89911D4C087E00DE1373 /* CustomBackgroundAnimationToSearchSegue.swift in Sources */ = {isa = PBXBuildFile; fileRef = 922C89901D4C087E00DE1373 /* CustomBackgroundAnimationToSearchSegue.swift */; };
		922C89931D4C460200DE1373 /* CustomTagsSearchBar.swift in Sources */ = {isa = PBXBuildFile; fileRef = 922C89921D4C460200DE1373 /* CustomTagsSearchBar.swift */; };
		922C89991D4D86C800DE1373 /* ChachaChoicesTagListView.swift in Sources */ = {isa = PBXBuildFile; fileRef = 922C89981D4D86C800DE1373 /* ChachaChoicesTagListView.swift */; };
		922C899B1D4D901E00DE1373 /* ChachaChosenTagListView.swift in Sources */ = {isa = PBXBuildFile; fileRef = 922C899A1D4D901E00DE1373 /* ChachaChosenTagListView.swift */; };
		922C899F1D4DA26900DE1373 /* AnnotationView.swift in Sources */ = {isa = PBXBuildFile; fileRef = 922C899E1D4DA26900DE1373 /* AnnotationView.swift */; };
		923C7ED71D9303E30033A8A2 /* Connection.swift in Sources */ = {isa = PBXBuildFile; fileRef = 923C7ED61D9303E30033A8A2 /* Connection.swift */; };
		923C7EDB1D9309200033A8A2 /* ChatRoom.swift in Sources */ = {isa = PBXBuildFile; fileRef = 923C7EDA1D9309200033A8A2 /* ChatRoom.swift */; };
		923C7EDD1D930B2F0033A8A2 /* Message.swift in Sources */ = {isa = PBXBuildFile; fileRef = 923C7EDC1D930B2F0033A8A2 /* Message.swift */; };
		923C7EE01D9422520033A8A2 /* ChatDataStore.swift in Sources */ = {isa = PBXBuildFile; fileRef = 923C7EDF1D9422520033A8A2 /* ChatDataStore.swift */; };
		924139AA1DC6661A00C8B6AF /* MainPageAnonymousUser.swift in Sources */ = {isa = PBXBuildFile; fileRef = 924139A91DC6661A00C8B6AF /* MainPageAnonymousUser.swift */; };
		924139AC1DC6665D00C8B6AF /* AnonymousDataStore.swift in Sources */ = {isa = PBXBuildFile; fileRef = 924139AB1DC6665D00C8B6AF /* AnonymousDataStore.swift */; };
		924139AF1DC67E2800C8B6AF /* DescriptionDetailView.xib in Resources */ = {isa = PBXBuildFile; fileRef = 924139AE1DC67E2800C8B6AF /* DescriptionDetailView.xib */; };
		924139B11DC67EA100C8B6AF /* DescriptionDetailView.swift in Sources */ = {isa = PBXBuildFile; fileRef = 924139B01DC67EA100C8B6AF /* DescriptionDetailView.swift */; };
		9258849F1D902704006D7C01 /* DropDownTagView.swift in Sources */ = {isa = PBXBuildFile; fileRef = 9258849E1D902704006D7C01 /* DropDownTagView.swift */; };
		925884A11D903A58006D7C01 /* Tag.swift in Sources */ = {isa = PBXBuildFile; fileRef = 925884A01D903A58006D7C01 /* Tag.swift */; };
		925884A31D903B32006D7C01 /* DropDownTag.swift in Sources */ = {isa = PBXBuildFile; fileRef = 925884A21D903B32006D7C01 /* DropDownTag.swift */; };
		925884A71D905D1E006D7C01 /* TagChoicesDropDown.swift in Sources */ = {isa = PBXBuildFile; fileRef = 925884A61D905D1E006D7C01 /* TagChoicesDropDown.swift */; };
		925884A91D907C48006D7C01 /* SliderDropDown.swift in Sources */ = {isa = PBXBuildFile; fileRef = 925884A81D907C48006D7C01 /* SliderDropDown.swift */; };
		925884AB1D90809E006D7C01 /* SliderView.swift in Sources */ = {isa = PBXBuildFile; fileRef = 925884AA1D90809E006D7C01 /* SliderView.swift */; };
		925D0FD11D6F638D00DE20F9 /* FakeNavigationBarView.swift in Sources */ = {isa = PBXBuildFile; fileRef = 925D0FD01D6F638D00DE20F9 /* FakeNavigationBarView.swift */; };
		925D0FD41D74986D00DE20F9 /* AddingTags.storyboard in Resources */ = {isa = PBXBuildFile; fileRef = 925D0FD31D74986D00DE20F9 /* AddingTags.storyboard */; };
		925D0FD71D74990900DE20F9 /* AddingTagsDataStore.swift in Sources */ = {isa = PBXBuildFile; fileRef = 925D0FD61D74990900DE20F9 /* AddingTagsDataStore.swift */; };
		925D0FD91D75E61300DE20F9 /* CreationTagView.swift in Sources */ = {isa = PBXBuildFile; fileRef = 925D0FD81D75E61300DE20F9 /* CreationTagView.swift */; };
		925D0FDC1D760E7500DE20F9 /* CreationMenuView.swift in Sources */ = {isa = PBXBuildFile; fileRef = 925D0FDB1D760E7500DE20F9 /* CreationMenuView.swift */; };
		925D0FDE1D760EE000DE20F9 /* CreationMenuView.xib in Resources */ = {isa = PBXBuildFile; fileRef = 925D0FDD1D760EE000DE20F9 /* CreationMenuView.xib */; };
		926108171CDBCA32009F3E86 /* AppDelegate.swift in Sources */ = {isa = PBXBuildFile; fileRef = 926108161CDBCA32009F3E86 /* AppDelegate.swift */; };
		9261081C1CDBCA32009F3E86 /* Main.storyboard in Resources */ = {isa = PBXBuildFile; fileRef = 9261081A1CDBCA32009F3E86 /* Main.storyboard */; };
		9261081E1CDBCA32009F3E86 /* Assets.xcassets in Resources */ = {isa = PBXBuildFile; fileRef = 9261081D1CDBCA32009F3E86 /* Assets.xcassets */; };
		926108211CDBCA32009F3E86 /* LaunchScreen.storyboard in Resources */ = {isa = PBXBuildFile; fileRef = 9261081F1CDBCA32009F3E86 /* LaunchScreen.storyboard */; };
		926108291CE255ED009F3E86 /* CustomKolodaView.swift in Sources */ = {isa = PBXBuildFile; fileRef = 926108281CE255ED009F3E86 /* CustomKolodaView.swift */; };
		9261082B1CE257AE009F3E86 /* BackgroundAnimationViewController.swift in Sources */ = {isa = PBXBuildFile; fileRef = 9261082A1CE257AE009F3E86 /* BackgroundAnimationViewController.swift */; };
		9261082D1CE25994009F3E86 /* CustomCardView.swift in Sources */ = {isa = PBXBuildFile; fileRef = 9261082C1CE25994009F3E86 /* CustomCardView.swift */; };
		9261082F1CE25B74009F3E86 /* CustomCardView.xib in Resources */ = {isa = PBXBuildFile; fileRef = 9261082E1CE25B74009F3E86 /* CustomCardView.xib */; };
		926108311CE25B84009F3E86 /* CustomOverlayView.xib in Resources */ = {isa = PBXBuildFile; fileRef = 926108301CE25B84009F3E86 /* CustomOverlayView.xib */; };
		926108331CE25C22009F3E86 /* woosh.wav in Resources */ = {isa = PBXBuildFile; fileRef = 926108321CE25C22009F3E86 /* woosh.wav */; };
		926108351CE25C5E009F3E86 /* CustomOverlayView.swift in Sources */ = {isa = PBXBuildFile; fileRef = 926108341CE25C5E009F3E86 /* CustomOverlayView.swift */; };
		9261083E1CE4F8E3009F3E86 /* globals.swift in Sources */ = {isa = PBXBuildFile; fileRef = 9261083D1CE4F8E3009F3E86 /* globals.swift */; };
		926108411CE50661009F3E86 /* MagicMoveExt.swift in Sources */ = {isa = PBXBuildFile; fileRef = 926108401CE50661009F3E86 /* MagicMoveExt.swift */; };
		926108441CE5066F009F3E86 /* UIViewExt.swift in Sources */ = {isa = PBXBuildFile; fileRef = 926108421CE5066F009F3E86 /* UIViewExt.swift */; };
		926108451CE5066F009F3E86 /* UIGestureRecognizerExt.swift in Sources */ = {isa = PBXBuildFile; fileRef = 926108431CE5066F009F3E86 /* UIGestureRecognizerExt.swift */; };
		926108471CE50755009F3E86 /* MagicMove.swift in Sources */ = {isa = PBXBuildFile; fileRef = 926108461CE50755009F3E86 /* MagicMove.swift */; };
		926108491CE5079E009F3E86 /* CustomTransitionExamples.swift in Sources */ = {isa = PBXBuildFile; fileRef = 926108481CE5079E009F3E86 /* CustomTransitionExamples.swift */; };
		9261084B1CE50816009F3E86 /* CardDetailViewController.swift in Sources */ = {isa = PBXBuildFile; fileRef = 9261084A1CE50816009F3E86 /* CardDetailViewController.swift */; };
		926108551CEA0EA6009F3E86 /* Onboarding.storyboard in Resources */ = {isa = PBXBuildFile; fileRef = 926108541CEA0EA6009F3E86 /* Onboarding.storyboard */; };
		926108571CEA0EC0009F3E86 /* SignUpLogInViewController.swift in Sources */ = {isa = PBXBuildFile; fileRef = 926108561CEA0EC0009F3E86 /* SignUpLogInViewController.swift */; };
		9261085C1CEA196C009F3E86 /* User.swift in Sources */ = {isa = PBXBuildFile; fileRef = 9261085B1CEA196C009F3E86 /* User.swift */; };
		92709BF51DA6A2BB00E0B8DE /* CardDetailDataStore.swift in Sources */ = {isa = PBXBuildFile; fileRef = 92709BF41DA6A2BB00E0B8DE /* CardDetailDataStore.swift */; };
		92709BF71DA6B18800E0B8DE /* FrostedSidebar.swift in Sources */ = {isa = PBXBuildFile; fileRef = 92709BF61DA6B18800E0B8DE /* FrostedSidebar.swift */; };
		9272CD7A1DBA6FF200446A1C /* PopulateDropDownCategories.swift in Sources */ = {isa = PBXBuildFile; fileRef = 9272CD791DBA6FF200446A1C /* PopulateDropDownCategories.swift */; };
		9273B79B1CFF4D010001A608 /* Filtering.storyboard in Resources */ = {isa = PBXBuildFile; fileRef = 9273B79A1CFF4D010001A608 /* Filtering.storyboard */; };
		9275FB801D79FDDC00D8131D /* UIImageViewExtension.swift in Sources */ = {isa = PBXBuildFile; fileRef = 9275FB7F1D79FDDC00D8131D /* UIImageViewExtension.swift */; };
		9275FB841D7A037D00D8131D /* PhotoEditingView.xib in Resources */ = {isa = PBXBuildFile; fileRef = 9275FB831D7A037D00D8131D /* PhotoEditingView.xib */; };
		9275FB861D7A0F2C00D8131D /* PhotoEditingView.swift in Sources */ = {isa = PBXBuildFile; fileRef = 9275FB851D7A0F2C00D8131D /* PhotoEditingView.swift */; };
		9275FB881D7B497C00D8131D /* PhotoEditingMasterLayoutView.swift in Sources */ = {isa = PBXBuildFile; fileRef = 9275FB871D7B497C00D8131D /* PhotoEditingMasterLayoutView.swift */; };
		9275FB8A1D7B540C00D8131D /* PhotoEditingStackView.swift in Sources */ = {isa = PBXBuildFile; fileRef = 9275FB891D7B540C00D8131D /* PhotoEditingStackView.swift */; };
		9275FB8F1D7B78FD00D8131D /* EditProfileDataStore.swift in Sources */ = {isa = PBXBuildFile; fileRef = 9275FB8E1D7B78FD00D8131D /* EditProfileDataStore.swift */; };
		9275FB921D7C6A4900D8131D /* AboutView.xib in Resources */ = {isa = PBXBuildFile; fileRef = 9275FB911D7C6A4900D8131D /* AboutView.xib */; };
		9275FB941D7C715800D8131D /* AboutView.swift in Sources */ = {isa = PBXBuildFile; fileRef = 9275FB931D7C715800D8131D /* AboutView.swift */; };
		92857DCD1DA1C264001DB92C /* MatchNotificationViewController.swift in Sources */ = {isa = PBXBuildFile; fileRef = 92857DCC1DA1C264001DB92C /* MatchNotificationViewController.swift */; };
		92857DCF1DA2F9F2001DB92C /* Swipe.swift in Sources */ = {isa = PBXBuildFile; fileRef = 92857DCE1DA2F9F2001DB92C /* Swipe.swift */; };
		92857DD11DA310CB001DB92C /* ParseSwipe.swift in Sources */ = {isa = PBXBuildFile; fileRef = 92857DD01DA310CB001DB92C /* ParseSwipe.swift */; };
		928762021D997096000EAED6 /* WelcomeDataStore.swift in Sources */ = {isa = PBXBuildFile; fileRef = 928762011D997096000EAED6 /* WelcomeDataStore.swift */; };
		928819361D18E78B000A8E04 /* SuperTagViewController.swift in Sources */ = {isa = PBXBuildFile; fileRef = 928819351D18E78B000A8E04 /* SuperTagViewController.swift */; };
		928819461D286CA8000A8E04 /* Profile.storyboard in Resources */ = {isa = PBXBuildFile; fileRef = 928819451D286CA8000A8E04 /* Profile.storyboard */; };
		928819481D2874D8000A8E04 /* AddingTagsToProfileViewController.swift in Sources */ = {isa = PBXBuildFile; fileRef = 928819471D2874D8000A8E04 /* AddingTagsToProfileViewController.swift */; };
		9288194A1D2A1C26000A8E04 /* ProfileIndexViewController.swift in Sources */ = {isa = PBXBuildFile; fileRef = 928819491D2A1C26000A8E04 /* ProfileIndexViewController.swift */; };
		928B8D731DB96A1F00D6B6D3 /* HeightPickerViewController.swift in Sources */ = {isa = PBXBuildFile; fileRef = 928B8D721DB96A1F00D6B6D3 /* HeightPickerViewController.swift */; };
		928B8D781DBA588700D6B6D3 /* Enviroment.swift in Sources */ = {isa = PBXBuildFile; fileRef = 928B8D771DBA588700D6B6D3 /* Enviroment.swift */; };
		928B8D7A1DBA58B700D6B6D3 /* Configuration.swift in Sources */ = {isa = PBXBuildFile; fileRef = 928B8D791DBA58B700D6B6D3 /* Configuration.swift */; };
		929428DE1DC37A5E0019617C /* Tags.swift in Sources */ = {isa = PBXBuildFile; fileRef = 929428DD1DC37A5E0019617C /* Tags.swift */; };
		929A71DB1CEB935E000C9549 /* DatePickerDialog.swift in Sources */ = {isa = PBXBuildFile; fileRef = 929A71DA1CEB935E000C9549 /* DatePickerDialog.swift */; };
		929FDB851CFA7AE100ACE474 /* UIImageExtension.swift in Sources */ = {isa = PBXBuildFile; fileRef = 929FDB841CFA7AE100ACE474 /* UIImageExtension.swift */; };
		92A7F7DF1D9C6908005D22AA /* Camera.swift in Sources */ = {isa = PBXBuildFile; fileRef = 92A7F7DE1D9C6908005D22AA /* Camera.swift */; };
		92B02ABA1D46F49D00624716 /* ChachaNavigationViewController.swift in Sources */ = {isa = PBXBuildFile; fileRef = 92B02AB91D46F49D00624716 /* ChachaNavigationViewController.swift */; };
		92B8DF291CE9356000AFA518 /* AudioToolbox.framework in Frameworks */ = {isa = PBXBuildFile; fileRef = 92B8DF281CE9356000AFA518 /* AudioToolbox.framework */; };
		92B8DF2B1CE9356700AFA518 /* CFNetwork.framework in Frameworks */ = {isa = PBXBuildFile; fileRef = 92B8DF2A1CE9356700AFA518 /* CFNetwork.framework */; };
		92B8DF2D1CE9356E00AFA518 /* CoreGraphics.framework in Frameworks */ = {isa = PBXBuildFile; fileRef = 92B8DF2C1CE9356E00AFA518 /* CoreGraphics.framework */; };
		92B8DF2F1CE9357500AFA518 /* CoreLocation.framework in Frameworks */ = {isa = PBXBuildFile; fileRef = 92B8DF2E1CE9357500AFA518 /* CoreLocation.framework */; };
		92B8DF311CE9357E00AFA518 /* QuartzCore.framework in Frameworks */ = {isa = PBXBuildFile; fileRef = 92B8DF301CE9357E00AFA518 /* QuartzCore.framework */; };
		92B8DF331CE9358A00AFA518 /* Security.framework in Frameworks */ = {isa = PBXBuildFile; fileRef = 92B8DF321CE9358A00AFA518 /* Security.framework */; };
		92B8DF351CE9359100AFA518 /* StoreKit.framework in Frameworks */ = {isa = PBXBuildFile; fileRef = 92B8DF341CE9359100AFA518 /* StoreKit.framework */; };
		92B8DF371CE9359B00AFA518 /* SystemConfiguration.framework in Frameworks */ = {isa = PBXBuildFile; fileRef = 92B8DF361CE9359B00AFA518 /* SystemConfiguration.framework */; };
		92B8DF391CE935AA00AFA518 /* libz.tbd in Frameworks */ = {isa = PBXBuildFile; fileRef = 92B8DF381CE935AA00AFA518 /* libz.tbd */; };
		92B8DF3B1CE935B500AFA518 /* libsqlite3.tbd in Frameworks */ = {isa = PBXBuildFile; fileRef = 92B8DF3A1CE935B500AFA518 /* libsqlite3.tbd */; };
		92BCEB501D83510E00E05C05 /* Matches.storyboard in Resources */ = {isa = PBXBuildFile; fileRef = 92BCEB4F1D83510E00E05C05 /* Matches.storyboard */; };
		92BCEB581D837DD700E05C05 /* CircleProfileView.swift in Sources */ = {isa = PBXBuildFile; fileRef = 92BCEB571D837DD700E05C05 /* CircleProfileView.swift */; };
		92BCEB5C1D83813400E05C05 /* AutoGrowingHorizontalScrollView.swift in Sources */ = {isa = PBXBuildFile; fileRef = 92BCEB5B1D83813400E05C05 /* AutoGrowingHorizontalScrollView.swift */; };
		92BCEB5E1D83AFEE00E05C05 /* ScrollingMatchesTableViewCell.swift in Sources */ = {isa = PBXBuildFile; fileRef = 92BCEB5D1D83AFEE00E05C05 /* ScrollingMatchesTableViewCell.swift */; };
		92BCEB631D84B16100E05C05 /* ChatTableViewCell.swift in Sources */ = {isa = PBXBuildFile; fileRef = 92BCEB621D84B16100E05C05 /* ChatTableViewCell.swift */; };
		92BCEB661D856C2E00E05C05 /* HeadingView.swift in Sources */ = {isa = PBXBuildFile; fileRef = 92BCEB651D856C2E00E05C05 /* HeadingView.swift */; };
		92BCEB6D1D85B4CB00E05C05 /* BulletPointView.swift in Sources */ = {isa = PBXBuildFile; fileRef = 92BCEB6C1D85B4CB00E05C05 /* BulletPointView.swift */; };
		92BCEB6F1D87115B00E05C05 /* CircleView.swift in Sources */ = {isa = PBXBuildFile; fileRef = 92BCEB6E1D87115B00E05C05 /* CircleView.swift */; };
		92BCEB711D87457000E05C05 /* CircularImageView.swift in Sources */ = {isa = PBXBuildFile; fileRef = 92BCEB701D87457000E05C05 /* CircularImageView.swift */; };
		92BCEB741D88A8DF00E05C05 /* Settings.storyboard in Resources */ = {isa = PBXBuildFile; fileRef = 92BCEB731D88A8DF00E05C05 /* Settings.storyboard */; };
		92BCEB781D88AB0B00E05C05 /* SettingsTableViewController.swift in Sources */ = {isa = PBXBuildFile; fileRef = 92BCEB771D88AB0B00E05C05 /* SettingsTableViewController.swift */; };
		92BCEB7B1D88BEDE00E05C05 /* BackgroundAnimationDataStore.swift in Sources */ = {isa = PBXBuildFile; fileRef = 92BCEB7A1D88BEDE00E05C05 /* BackgroundAnimationDataStore.swift */; };
		92C1B1DF1D51A7D700F4A815 /* SearchTagsDataStore.swift in Sources */ = {isa = PBXBuildFile; fileRef = 92C1B1DE1D51A7D700F4A815 /* SearchTagsDataStore.swift */; };
		92C1FC1B1DAAE6D600660BD8 /* ParseTag.swift in Sources */ = {isa = PBXBuildFile; fileRef = 92C1FC1A1DAAE6D600660BD8 /* ParseTag.swift */; };
		92C1FC1E1DAAE97400660BD8 /* DropDownCategory.swift in Sources */ = {isa = PBXBuildFile; fileRef = 92C1FC1D1DAAE97400660BD8 /* DropDownCategory.swift */; };
		92E36F4A1DAFD176000F2D22 /* JointParseTagToUser.swift in Sources */ = {isa = PBXBuildFile; fileRef = 92E36F491DAFD176000F2D22 /* JointParseTagToUser.swift */; };
		92E36F4C1DB78A8F000F2D22 /* SuperTagDataStore.swift in Sources */ = {isa = PBXBuildFile; fileRef = 92E36F4B1DB78A8F000F2D22 /* SuperTagDataStore.swift */; };
/* End PBXBuildFile section */

/* Begin PBXFileReference section */
		2E31E5895EC075FA44071C62 /* Pods-Shuffles.debug.xcconfig */ = {isa = PBXFileReference; includeInIndex = 1; lastKnownFileType = text.xcconfig; name = "Pods-Shuffles.debug.xcconfig"; path = "Pods/Target Support Files/Pods-Shuffles/Pods-Shuffles.debug.xcconfig"; sourceTree = "<group>"; };
		471CA7B841A92D5EF573B32C /* Pods_Shuffles.framework */ = {isa = PBXFileReference; explicitFileType = wrapper.framework; includeInIndex = 0; path = Pods_Shuffles.framework; sourceTree = BUILT_PRODUCTS_DIR; };
		49472BCE7514485EBE58CA66 /* Pods-Shuffles.debug(production).xcconfig */ = {isa = PBXFileReference; includeInIndex = 1; lastKnownFileType = text.xcconfig; name = "Pods-Shuffles.debug(production).xcconfig"; path = "Pods/Target Support Files/Pods-Shuffles/Pods-Shuffles.debug(production).xcconfig"; sourceTree = "<group>"; };
		7F0EBE5031BC4BD95CB9E0A1 /* Pods-ChachaT.release.xcconfig */ = {isa = PBXFileReference; includeInIndex = 1; lastKnownFileType = text.xcconfig; name = "Pods-ChachaT.release.xcconfig"; path = "Pods/Target Support Files/Pods-ChachaT/Pods-ChachaT.release.xcconfig"; sourceTree = "<group>"; };
		7F7ED6D7748AACFBB7251848 /* Pods-ChachaT.debug.xcconfig */ = {isa = PBXFileReference; includeInIndex = 1; lastKnownFileType = text.xcconfig; name = "Pods-ChachaT.debug.xcconfig"; path = "Pods/Target Support Files/Pods-ChachaT/Pods-ChachaT.debug.xcconfig"; sourceTree = "<group>"; };
		920BF81B1D3FF5E300104842 /* CloseButton.swift */ = {isa = PBXFileReference; fileEncoding = 4; lastKnownFileType = sourcecode.swift; path = CloseButton.swift; sourceTree = "<group>"; };
		920BF81C1D3FF5E300104842 /* Info.plist */ = {isa = PBXFileReference; fileEncoding = 4; lastKnownFileType = text.plist.xml; path = Info.plist; sourceTree = "<group>"; };
		920BF81D1D3FF5E300104842 /* TagListView.h */ = {isa = PBXFileReference; fileEncoding = 4; lastKnownFileType = sourcecode.c.h; path = TagListView.h; sourceTree = "<group>"; };
		920BF81E1D3FF5E300104842 /* TagListView.swift */ = {isa = PBXFileReference; fileEncoding = 4; lastKnownFileType = sourcecode.swift; path = TagListView.swift; sourceTree = "<group>"; };
		920BF81F1D3FF5E300104842 /* TagView.swift */ = {isa = PBXFileReference; fileEncoding = 4; lastKnownFileType = sourcecode.swift; path = TagView.swift; sourceTree = "<group>"; };
		920BF8241D3FF63A00104842 /* SpecialtyTagView.swift */ = {isa = PBXFileReference; fileEncoding = 4; lastKnownFileType = sourcecode.swift; path = SpecialtyTagView.swift; sourceTree = "<group>"; };
		920BF8261D415FC000104842 /* SearchTagsViewController.swift */ = {isa = PBXFileReference; fileEncoding = 4; lastKnownFileType = sourcecode.swift; lineEnding = 0; path = SearchTagsViewController.swift; sourceTree = "<group>"; xcLanguageSpecificationIdentifier = xcode.lang.swift; };
		920BF8281D41DF9400104842 /* EditProfileViewController.swift */ = {isa = PBXFileReference; fileEncoding = 4; lastKnownFileType = sourcecode.swift; path = EditProfileViewController.swift; sourceTree = "<group>"; };
		920BF8311D431CD000104842 /* MatchDataStore.swift */ = {isa = PBXFileReference; fileEncoding = 4; lastKnownFileType = sourcecode.swift; path = MatchDataStore.swift; sourceTree = "<group>"; };
		920BF8331D432E2500104842 /* MatchesViewController.swift */ = {isa = PBXFileReference; fileEncoding = 4; lastKnownFileType = sourcecode.swift; path = MatchesViewController.swift; sourceTree = "<group>"; };
		920BF8361D43346B00104842 /* Chat.swift */ = {isa = PBXFileReference; fileEncoding = 4; lastKnownFileType = sourcecode.swift; path = Chat.swift; sourceTree = "<group>"; };
		920BF8381D4334DF00104842 /* ChatViewController.swift */ = {isa = PBXFileReference; fileEncoding = 4; lastKnownFileType = sourcecode.swift; path = ChatViewController.swift; sourceTree = "<group>"; };
		922C89831D4A07D500DE1373 /* ChachaDropDownMenu.swift */ = {isa = PBXFileReference; fileEncoding = 4; lastKnownFileType = sourcecode.swift; path = ChachaDropDownMenu.swift; sourceTree = "<group>"; };
		922C89851D4B1F1D00DE1373 /* ScrollViewSearchView.xib */ = {isa = PBXFileReference; fileEncoding = 4; lastKnownFileType = file.xib; path = ScrollViewSearchView.xib; sourceTree = "<group>"; };
		922C89871D4B1F6400DE1373 /* ScrollViewSearchView.swift */ = {isa = PBXFileReference; fileEncoding = 4; lastKnownFileType = sourcecode.swift; path = ScrollViewSearchView.swift; sourceTree = "<group>"; };
		922C89901D4C087E00DE1373 /* CustomBackgroundAnimationToSearchSegue.swift */ = {isa = PBXFileReference; fileEncoding = 4; lastKnownFileType = sourcecode.swift; lineEnding = 0; path = CustomBackgroundAnimationToSearchSegue.swift; sourceTree = "<group>"; xcLanguageSpecificationIdentifier = xcode.lang.swift; };
		922C89921D4C460200DE1373 /* CustomTagsSearchBar.swift */ = {isa = PBXFileReference; fileEncoding = 4; lastKnownFileType = sourcecode.swift; path = CustomTagsSearchBar.swift; sourceTree = "<group>"; };
		922C89981D4D86C800DE1373 /* ChachaChoicesTagListView.swift */ = {isa = PBXFileReference; fileEncoding = 4; lastKnownFileType = sourcecode.swift; path = ChachaChoicesTagListView.swift; sourceTree = "<group>"; };
		922C899A1D4D901E00DE1373 /* ChachaChosenTagListView.swift */ = {isa = PBXFileReference; fileEncoding = 4; lastKnownFileType = sourcecode.swift; path = ChachaChosenTagListView.swift; sourceTree = "<group>"; };
		922C899E1D4DA26900DE1373 /* AnnotationView.swift */ = {isa = PBXFileReference; fileEncoding = 4; lastKnownFileType = sourcecode.swift; lineEnding = 0; path = AnnotationView.swift; sourceTree = "<group>"; xcLanguageSpecificationIdentifier = xcode.lang.swift; };
		923C7ED61D9303E30033A8A2 /* Connection.swift */ = {isa = PBXFileReference; fileEncoding = 4; lastKnownFileType = sourcecode.swift; path = Connection.swift; sourceTree = "<group>"; };
		923C7EDA1D9309200033A8A2 /* ChatRoom.swift */ = {isa = PBXFileReference; fileEncoding = 4; lastKnownFileType = sourcecode.swift; path = ChatRoom.swift; sourceTree = "<group>"; };
		923C7EDC1D930B2F0033A8A2 /* Message.swift */ = {isa = PBXFileReference; fileEncoding = 4; lastKnownFileType = sourcecode.swift; path = Message.swift; sourceTree = "<group>"; };
		923C7EDF1D9422520033A8A2 /* ChatDataStore.swift */ = {isa = PBXFileReference; fileEncoding = 4; lastKnownFileType = sourcecode.swift; path = ChatDataStore.swift; sourceTree = "<group>"; };
		924139A91DC6661A00C8B6AF /* MainPageAnonymousUser.swift */ = {isa = PBXFileReference; fileEncoding = 4; lastKnownFileType = sourcecode.swift; path = MainPageAnonymousUser.swift; sourceTree = "<group>"; };
		924139AB1DC6665D00C8B6AF /* AnonymousDataStore.swift */ = {isa = PBXFileReference; fileEncoding = 4; lastKnownFileType = sourcecode.swift; path = AnonymousDataStore.swift; sourceTree = "<group>"; };
		924139AE1DC67E2800C8B6AF /* DescriptionDetailView.xib */ = {isa = PBXFileReference; fileEncoding = 4; lastKnownFileType = file.xib; path = DescriptionDetailView.xib; sourceTree = "<group>"; };
		924139B01DC67EA100C8B6AF /* DescriptionDetailView.swift */ = {isa = PBXFileReference; fileEncoding = 4; lastKnownFileType = sourcecode.swift; path = DescriptionDetailView.swift; sourceTree = "<group>"; };
		9258849E1D902704006D7C01 /* DropDownTagView.swift */ = {isa = PBXFileReference; fileEncoding = 4; lastKnownFileType = sourcecode.swift; path = DropDownTagView.swift; sourceTree = "<group>"; };
		925884A01D903A58006D7C01 /* Tag.swift */ = {isa = PBXFileReference; fileEncoding = 4; lastKnownFileType = sourcecode.swift; path = Tag.swift; sourceTree = "<group>"; };
		925884A21D903B32006D7C01 /* DropDownTag.swift */ = {isa = PBXFileReference; fileEncoding = 4; lastKnownFileType = sourcecode.swift; path = DropDownTag.swift; sourceTree = "<group>"; };
		925884A61D905D1E006D7C01 /* TagChoicesDropDown.swift */ = {isa = PBXFileReference; fileEncoding = 4; lastKnownFileType = sourcecode.swift; path = TagChoicesDropDown.swift; sourceTree = "<group>"; };
		925884A81D907C48006D7C01 /* SliderDropDown.swift */ = {isa = PBXFileReference; fileEncoding = 4; lastKnownFileType = sourcecode.swift; path = SliderDropDown.swift; sourceTree = "<group>"; };
		925884AA1D90809E006D7C01 /* SliderView.swift */ = {isa = PBXFileReference; fileEncoding = 4; lastKnownFileType = sourcecode.swift; path = SliderView.swift; sourceTree = "<group>"; };
		925D0FD01D6F638D00DE20F9 /* FakeNavigationBarView.swift */ = {isa = PBXFileReference; fileEncoding = 4; lastKnownFileType = sourcecode.swift; path = FakeNavigationBarView.swift; sourceTree = "<group>"; };
		925D0FD31D74986D00DE20F9 /* AddingTags.storyboard */ = {isa = PBXFileReference; fileEncoding = 4; lastKnownFileType = file.storyboard; path = AddingTags.storyboard; sourceTree = "<group>"; };
		925D0FD61D74990900DE20F9 /* AddingTagsDataStore.swift */ = {isa = PBXFileReference; fileEncoding = 4; lastKnownFileType = sourcecode.swift; lineEnding = 0; path = AddingTagsDataStore.swift; sourceTree = "<group>"; xcLanguageSpecificationIdentifier = xcode.lang.swift; };
		925D0FD81D75E61300DE20F9 /* CreationTagView.swift */ = {isa = PBXFileReference; fileEncoding = 4; lastKnownFileType = sourcecode.swift; lineEnding = 0; name = CreationTagView.swift; path = TagListView/CreationTagView.swift; sourceTree = "<group>"; xcLanguageSpecificationIdentifier = xcode.lang.swift; };
		925D0FDB1D760E7500DE20F9 /* CreationMenuView.swift */ = {isa = PBXFileReference; fileEncoding = 4; lastKnownFileType = sourcecode.swift; lineEnding = 0; path = CreationMenuView.swift; sourceTree = "<group>"; xcLanguageSpecificationIdentifier = xcode.lang.swift; };
		925D0FDD1D760EE000DE20F9 /* CreationMenuView.xib */ = {isa = PBXFileReference; fileEncoding = 4; lastKnownFileType = file.xib; path = CreationMenuView.xib; sourceTree = "<group>"; };
		926108131CDBCA32009F3E86 /* Shuffles.app */ = {isa = PBXFileReference; explicitFileType = wrapper.application; includeInIndex = 0; path = Shuffles.app; sourceTree = BUILT_PRODUCTS_DIR; };
		926108161CDBCA32009F3E86 /* AppDelegate.swift */ = {isa = PBXFileReference; lastKnownFileType = sourcecode.swift; path = AppDelegate.swift; sourceTree = "<group>"; };
		9261081B1CDBCA32009F3E86 /* Base */ = {isa = PBXFileReference; lastKnownFileType = file.storyboard; name = Base; path = Base.lproj/Main.storyboard; sourceTree = "<group>"; };
		9261081D1CDBCA32009F3E86 /* Assets.xcassets */ = {isa = PBXFileReference; lastKnownFileType = folder.assetcatalog; name = Assets.xcassets; path = ChachaT/Assets.xcassets; sourceTree = "<group>"; };
		926108201CDBCA32009F3E86 /* Base */ = {isa = PBXFileReference; lastKnownFileType = file.storyboard; name = Base; path = Base.lproj/LaunchScreen.storyboard; sourceTree = "<group>"; };
		926108221CDBCA32009F3E86 /* Info.plist */ = {isa = PBXFileReference; lastKnownFileType = text.plist.xml; path = Info.plist; sourceTree = "<group>"; };
		926108281CE255ED009F3E86 /* CustomKolodaView.swift */ = {isa = PBXFileReference; fileEncoding = 4; lastKnownFileType = sourcecode.swift; path = CustomKolodaView.swift; sourceTree = "<group>"; };
		9261082A1CE257AE009F3E86 /* BackgroundAnimationViewController.swift */ = {isa = PBXFileReference; fileEncoding = 4; lastKnownFileType = sourcecode.swift; path = BackgroundAnimationViewController.swift; sourceTree = "<group>"; };
		9261082C1CE25994009F3E86 /* CustomCardView.swift */ = {isa = PBXFileReference; fileEncoding = 4; lastKnownFileType = sourcecode.swift; path = CustomCardView.swift; sourceTree = "<group>"; };
		9261082E1CE25B74009F3E86 /* CustomCardView.xib */ = {isa = PBXFileReference; fileEncoding = 4; lastKnownFileType = file.xib; path = CustomCardView.xib; sourceTree = "<group>"; };
		926108301CE25B84009F3E86 /* CustomOverlayView.xib */ = {isa = PBXFileReference; fileEncoding = 4; lastKnownFileType = file.xib; path = CustomOverlayView.xib; sourceTree = "<group>"; };
		926108321CE25C22009F3E86 /* woosh.wav */ = {isa = PBXFileReference; lastKnownFileType = audio.wav; path = woosh.wav; sourceTree = "<group>"; };
		926108341CE25C5E009F3E86 /* CustomOverlayView.swift */ = {isa = PBXFileReference; fileEncoding = 4; lastKnownFileType = sourcecode.swift; path = CustomOverlayView.swift; sourceTree = "<group>"; };
		9261083D1CE4F8E3009F3E86 /* globals.swift */ = {isa = PBXFileReference; fileEncoding = 4; lastKnownFileType = sourcecode.swift; path = globals.swift; sourceTree = "<group>"; };
		926108401CE50661009F3E86 /* MagicMoveExt.swift */ = {isa = PBXFileReference; fileEncoding = 4; lastKnownFileType = sourcecode.swift; path = MagicMoveExt.swift; sourceTree = "<group>"; };
		926108421CE5066F009F3E86 /* UIViewExt.swift */ = {isa = PBXFileReference; fileEncoding = 4; lastKnownFileType = sourcecode.swift; path = UIViewExt.swift; sourceTree = "<group>"; };
		926108431CE5066F009F3E86 /* UIGestureRecognizerExt.swift */ = {isa = PBXFileReference; fileEncoding = 4; lastKnownFileType = sourcecode.swift; path = UIGestureRecognizerExt.swift; sourceTree = "<group>"; };
		926108461CE50755009F3E86 /* MagicMove.swift */ = {isa = PBXFileReference; fileEncoding = 4; lastKnownFileType = sourcecode.swift; path = MagicMove.swift; sourceTree = "<group>"; };
		926108481CE5079E009F3E86 /* CustomTransitionExamples.swift */ = {isa = PBXFileReference; fileEncoding = 4; lastKnownFileType = sourcecode.swift; path = CustomTransitionExamples.swift; sourceTree = "<group>"; };
		9261084A1CE50816009F3E86 /* CardDetailViewController.swift */ = {isa = PBXFileReference; fileEncoding = 4; lastKnownFileType = sourcecode.swift; path = CardDetailViewController.swift; sourceTree = "<group>"; };
		926108541CEA0EA6009F3E86 /* Onboarding.storyboard */ = {isa = PBXFileReference; fileEncoding = 4; lastKnownFileType = file.storyboard; path = Onboarding.storyboard; sourceTree = "<group>"; };
		926108561CEA0EC0009F3E86 /* SignUpLogInViewController.swift */ = {isa = PBXFileReference; fileEncoding = 4; lastKnownFileType = sourcecode.swift; path = SignUpLogInViewController.swift; sourceTree = "<group>"; };
		9261085B1CEA196C009F3E86 /* User.swift */ = {isa = PBXFileReference; fileEncoding = 4; lastKnownFileType = sourcecode.swift; path = User.swift; sourceTree = "<group>"; };
		926185F01D46CC4700F25A79 /* ChachaT-Bridging-Header.h */ = {isa = PBXFileReference; lastKnownFileType = sourcecode.c.h; path = "ChachaT-Bridging-Header.h"; sourceTree = "<group>"; };
		92709BF41DA6A2BB00E0B8DE /* CardDetailDataStore.swift */ = {isa = PBXFileReference; fileEncoding = 4; lastKnownFileType = sourcecode.swift; path = CardDetailDataStore.swift; sourceTree = "<group>"; };
		92709BF61DA6B18800E0B8DE /* FrostedSidebar.swift */ = {isa = PBXFileReference; fileEncoding = 4; lastKnownFileType = sourcecode.swift; path = FrostedSidebar.swift; sourceTree = "<group>"; };
		9272CD791DBA6FF200446A1C /* PopulateDropDownCategories.swift */ = {isa = PBXFileReference; fileEncoding = 4; lastKnownFileType = sourcecode.swift; path = PopulateDropDownCategories.swift; sourceTree = "<group>"; };
		9273B79A1CFF4D010001A608 /* Filtering.storyboard */ = {isa = PBXFileReference; fileEncoding = 4; lastKnownFileType = file.storyboard; path = Filtering.storyboard; sourceTree = "<group>"; };
		9275FB7F1D79FDDC00D8131D /* UIImageViewExtension.swift */ = {isa = PBXFileReference; fileEncoding = 4; lastKnownFileType = sourcecode.swift; path = UIImageViewExtension.swift; sourceTree = "<group>"; };
		9275FB831D7A037D00D8131D /* PhotoEditingView.xib */ = {isa = PBXFileReference; fileEncoding = 4; lastKnownFileType = file.xib; path = PhotoEditingView.xib; sourceTree = "<group>"; };
		9275FB851D7A0F2C00D8131D /* PhotoEditingView.swift */ = {isa = PBXFileReference; fileEncoding = 4; lastKnownFileType = sourcecode.swift; path = PhotoEditingView.swift; sourceTree = "<group>"; };
		9275FB871D7B497C00D8131D /* PhotoEditingMasterLayoutView.swift */ = {isa = PBXFileReference; fileEncoding = 4; lastKnownFileType = sourcecode.swift; path = PhotoEditingMasterLayoutView.swift; sourceTree = "<group>"; };
		9275FB891D7B540C00D8131D /* PhotoEditingStackView.swift */ = {isa = PBXFileReference; fileEncoding = 4; lastKnownFileType = sourcecode.swift; path = PhotoEditingStackView.swift; sourceTree = "<group>"; };
		9275FB8E1D7B78FD00D8131D /* EditProfileDataStore.swift */ = {isa = PBXFileReference; fileEncoding = 4; lastKnownFileType = sourcecode.swift; path = EditProfileDataStore.swift; sourceTree = "<group>"; };
		9275FB911D7C6A4900D8131D /* AboutView.xib */ = {isa = PBXFileReference; fileEncoding = 4; lastKnownFileType = file.xib; path = AboutView.xib; sourceTree = "<group>"; };
		9275FB931D7C715800D8131D /* AboutView.swift */ = {isa = PBXFileReference; fileEncoding = 4; lastKnownFileType = sourcecode.swift; path = AboutView.swift; sourceTree = "<group>"; };
		92857DCB1DA0427D001DB92C /* ChachaT.entitlements */ = {isa = PBXFileReference; lastKnownFileType = text.plist.entitlements; path = ChachaT.entitlements; sourceTree = "<group>"; };
		92857DCC1DA1C264001DB92C /* MatchNotificationViewController.swift */ = {isa = PBXFileReference; fileEncoding = 4; lastKnownFileType = sourcecode.swift; path = MatchNotificationViewController.swift; sourceTree = "<group>"; };
		92857DCE1DA2F9F2001DB92C /* Swipe.swift */ = {isa = PBXFileReference; fileEncoding = 4; lastKnownFileType = sourcecode.swift; path = Swipe.swift; sourceTree = "<group>"; };
		92857DD01DA310CB001DB92C /* ParseSwipe.swift */ = {isa = PBXFileReference; fileEncoding = 4; lastKnownFileType = sourcecode.swift; path = ParseSwipe.swift; sourceTree = "<group>"; };
		928762011D997096000EAED6 /* WelcomeDataStore.swift */ = {isa = PBXFileReference; fileEncoding = 4; lastKnownFileType = sourcecode.swift; path = WelcomeDataStore.swift; sourceTree = "<group>"; };
		928819351D18E78B000A8E04 /* SuperTagViewController.swift */ = {isa = PBXFileReference; fileEncoding = 4; lastKnownFileType = sourcecode.swift; path = SuperTagViewController.swift; sourceTree = "<group>"; };
		928819451D286CA8000A8E04 /* Profile.storyboard */ = {isa = PBXFileReference; fileEncoding = 4; lastKnownFileType = file.storyboard; path = Profile.storyboard; sourceTree = "<group>"; };
		928819471D2874D8000A8E04 /* AddingTagsToProfileViewController.swift */ = {isa = PBXFileReference; fileEncoding = 4; lastKnownFileType = sourcecode.swift; lineEnding = 0; path = AddingTagsToProfileViewController.swift; sourceTree = "<group>"; xcLanguageSpecificationIdentifier = xcode.lang.swift; };
		928819491D2A1C26000A8E04 /* ProfileIndexViewController.swift */ = {isa = PBXFileReference; fileEncoding = 4; lastKnownFileType = sourcecode.swift; path = ProfileIndexViewController.swift; sourceTree = "<group>"; };
		928B8D721DB96A1F00D6B6D3 /* HeightPickerViewController.swift */ = {isa = PBXFileReference; fileEncoding = 4; lastKnownFileType = sourcecode.swift; path = HeightPickerViewController.swift; sourceTree = "<group>"; };
		928B8D771DBA588700D6B6D3 /* Enviroment.swift */ = {isa = PBXFileReference; fileEncoding = 4; lastKnownFileType = sourcecode.swift; path = Enviroment.swift; sourceTree = "<group>"; };
		928B8D791DBA58B700D6B6D3 /* Configuration.swift */ = {isa = PBXFileReference; fileEncoding = 4; lastKnownFileType = sourcecode.swift; path = Configuration.swift; sourceTree = "<group>"; };
		929428DD1DC37A5E0019617C /* Tags.swift */ = {isa = PBXFileReference; fileEncoding = 4; lastKnownFileType = sourcecode.swift; path = Tags.swift; sourceTree = "<group>"; };
		929A71DA1CEB935E000C9549 /* DatePickerDialog.swift */ = {isa = PBXFileReference; fileEncoding = 4; lastKnownFileType = sourcecode.swift; path = DatePickerDialog.swift; sourceTree = "<group>"; };
		929FDB841CFA7AE100ACE474 /* UIImageExtension.swift */ = {isa = PBXFileReference; fileEncoding = 4; lastKnownFileType = sourcecode.swift; path = UIImageExtension.swift; sourceTree = "<group>"; };
		92A7F7DE1D9C6908005D22AA /* Camera.swift */ = {isa = PBXFileReference; fileEncoding = 4; lastKnownFileType = sourcecode.swift; path = Camera.swift; sourceTree = "<group>"; };
		92B02AB91D46F49D00624716 /* ChachaNavigationViewController.swift */ = {isa = PBXFileReference; fileEncoding = 4; lastKnownFileType = sourcecode.swift; path = ChachaNavigationViewController.swift; sourceTree = "<group>"; };
		92B8DF281CE9356000AFA518 /* AudioToolbox.framework */ = {isa = PBXFileReference; lastKnownFileType = wrapper.framework; name = AudioToolbox.framework; path = System/Library/Frameworks/AudioToolbox.framework; sourceTree = SDKROOT; };
		92B8DF2A1CE9356700AFA518 /* CFNetwork.framework */ = {isa = PBXFileReference; lastKnownFileType = wrapper.framework; name = CFNetwork.framework; path = System/Library/Frameworks/CFNetwork.framework; sourceTree = SDKROOT; };
		92B8DF2C1CE9356E00AFA518 /* CoreGraphics.framework */ = {isa = PBXFileReference; lastKnownFileType = wrapper.framework; name = CoreGraphics.framework; path = System/Library/Frameworks/CoreGraphics.framework; sourceTree = SDKROOT; };
		92B8DF2E1CE9357500AFA518 /* CoreLocation.framework */ = {isa = PBXFileReference; lastKnownFileType = wrapper.framework; name = CoreLocation.framework; path = System/Library/Frameworks/CoreLocation.framework; sourceTree = SDKROOT; };
		92B8DF301CE9357E00AFA518 /* QuartzCore.framework */ = {isa = PBXFileReference; lastKnownFileType = wrapper.framework; name = QuartzCore.framework; path = System/Library/Frameworks/QuartzCore.framework; sourceTree = SDKROOT; };
		92B8DF321CE9358A00AFA518 /* Security.framework */ = {isa = PBXFileReference; lastKnownFileType = wrapper.framework; name = Security.framework; path = System/Library/Frameworks/Security.framework; sourceTree = SDKROOT; };
		92B8DF341CE9359100AFA518 /* StoreKit.framework */ = {isa = PBXFileReference; lastKnownFileType = wrapper.framework; name = StoreKit.framework; path = System/Library/Frameworks/StoreKit.framework; sourceTree = SDKROOT; };
		92B8DF361CE9359B00AFA518 /* SystemConfiguration.framework */ = {isa = PBXFileReference; lastKnownFileType = wrapper.framework; name = SystemConfiguration.framework; path = System/Library/Frameworks/SystemConfiguration.framework; sourceTree = SDKROOT; };
		92B8DF381CE935AA00AFA518 /* libz.tbd */ = {isa = PBXFileReference; lastKnownFileType = "sourcecode.text-based-dylib-definition"; name = libz.tbd; path = usr/lib/libz.tbd; sourceTree = SDKROOT; };
		92B8DF3A1CE935B500AFA518 /* libsqlite3.tbd */ = {isa = PBXFileReference; lastKnownFileType = "sourcecode.text-based-dylib-definition"; name = libsqlite3.tbd; path = usr/lib/libsqlite3.tbd; sourceTree = SDKROOT; };
		92BCEB4F1D83510E00E05C05 /* Matches.storyboard */ = {isa = PBXFileReference; fileEncoding = 4; lastKnownFileType = file.storyboard; path = Matches.storyboard; sourceTree = "<group>"; };
		92BCEB571D837DD700E05C05 /* CircleProfileView.swift */ = {isa = PBXFileReference; fileEncoding = 4; lastKnownFileType = sourcecode.swift; path = CircleProfileView.swift; sourceTree = "<group>"; };
		92BCEB5B1D83813400E05C05 /* AutoGrowingHorizontalScrollView.swift */ = {isa = PBXFileReference; fileEncoding = 4; lastKnownFileType = sourcecode.swift; path = AutoGrowingHorizontalScrollView.swift; sourceTree = "<group>"; };
		92BCEB5D1D83AFEE00E05C05 /* ScrollingMatchesTableViewCell.swift */ = {isa = PBXFileReference; fileEncoding = 4; lastKnownFileType = sourcecode.swift; path = ScrollingMatchesTableViewCell.swift; sourceTree = "<group>"; };
		92BCEB621D84B16100E05C05 /* ChatTableViewCell.swift */ = {isa = PBXFileReference; fileEncoding = 4; lastKnownFileType = sourcecode.swift; path = ChatTableViewCell.swift; sourceTree = "<group>"; };
		92BCEB651D856C2E00E05C05 /* HeadingView.swift */ = {isa = PBXFileReference; fileEncoding = 4; lastKnownFileType = sourcecode.swift; path = HeadingView.swift; sourceTree = "<group>"; };
		92BCEB6C1D85B4CB00E05C05 /* BulletPointView.swift */ = {isa = PBXFileReference; fileEncoding = 4; lastKnownFileType = sourcecode.swift; path = BulletPointView.swift; sourceTree = "<group>"; };
		92BCEB6E1D87115B00E05C05 /* CircleView.swift */ = {isa = PBXFileReference; fileEncoding = 4; lastKnownFileType = sourcecode.swift; lineEnding = 0; path = CircleView.swift; sourceTree = "<group>"; xcLanguageSpecificationIdentifier = xcode.lang.swift; };
		92BCEB701D87457000E05C05 /* CircularImageView.swift */ = {isa = PBXFileReference; fileEncoding = 4; lastKnownFileType = sourcecode.swift; lineEnding = 0; path = CircularImageView.swift; sourceTree = "<group>"; xcLanguageSpecificationIdentifier = xcode.lang.swift; };
		92BCEB731D88A8DF00E05C05 /* Settings.storyboard */ = {isa = PBXFileReference; fileEncoding = 4; lastKnownFileType = file.storyboard; path = Settings.storyboard; sourceTree = "<group>"; };
		92BCEB771D88AB0B00E05C05 /* SettingsTableViewController.swift */ = {isa = PBXFileReference; fileEncoding = 4; lastKnownFileType = sourcecode.swift; path = SettingsTableViewController.swift; sourceTree = "<group>"; };
		92BCEB7A1D88BEDE00E05C05 /* BackgroundAnimationDataStore.swift */ = {isa = PBXFileReference; fileEncoding = 4; lastKnownFileType = sourcecode.swift; path = BackgroundAnimationDataStore.swift; sourceTree = "<group>"; };
		92C1B1DE1D51A7D700F4A815 /* SearchTagsDataStore.swift */ = {isa = PBXFileReference; fileEncoding = 4; lastKnownFileType = sourcecode.swift; lineEnding = 0; path = SearchTagsDataStore.swift; sourceTree = "<group>"; xcLanguageSpecificationIdentifier = xcode.lang.swift; };
		92C1FC1A1DAAE6D600660BD8 /* ParseTag.swift */ = {isa = PBXFileReference; fileEncoding = 4; lastKnownFileType = sourcecode.swift; path = ParseTag.swift; sourceTree = "<group>"; };
		92C1FC1D1DAAE97400660BD8 /* DropDownCategory.swift */ = {isa = PBXFileReference; fileEncoding = 4; lastKnownFileType = sourcecode.swift; path = DropDownCategory.swift; sourceTree = "<group>"; };
		92E36F491DAFD176000F2D22 /* JointParseTagToUser.swift */ = {isa = PBXFileReference; fileEncoding = 4; lastKnownFileType = sourcecode.swift; path = JointParseTagToUser.swift; sourceTree = "<group>"; };
		92E36F4B1DB78A8F000F2D22 /* SuperTagDataStore.swift */ = {isa = PBXFileReference; fileEncoding = 4; lastKnownFileType = sourcecode.swift; path = SuperTagDataStore.swift; sourceTree = "<group>"; };
		95775F81069424F8C55B7B25 /* Pods-Shuffles.release.xcconfig */ = {isa = PBXFileReference; includeInIndex = 1; lastKnownFileType = text.xcconfig; name = "Pods-Shuffles.release.xcconfig"; path = "Pods/Target Support Files/Pods-Shuffles/Pods-Shuffles.release.xcconfig"; sourceTree = "<group>"; };
		B06754DA7D859F5BF7881282 /* Pods_ChachaT.framework */ = {isa = PBXFileReference; explicitFileType = wrapper.framework; includeInIndex = 0; path = Pods_ChachaT.framework; sourceTree = BUILT_PRODUCTS_DIR; };
		E010027B7167FAA9E4AC828B /* Pods-Shuffles.debug(staging).xcconfig */ = {isa = PBXFileReference; includeInIndex = 1; lastKnownFileType = text.xcconfig; name = "Pods-Shuffles.debug(staging).xcconfig"; path = "Pods/Target Support Files/Pods-Shuffles/Pods-Shuffles.debug(staging).xcconfig"; sourceTree = "<group>"; };
/* End PBXFileReference section */

/* Begin PBXFrameworksBuildPhase section */
		926108101CDBCA32009F3E86 /* Frameworks */ = {
			isa = PBXFrameworksBuildPhase;
			buildActionMask = 2147483647;
			files = (
				92B8DF3B1CE935B500AFA518 /* libsqlite3.tbd in Frameworks */,
				92B8DF391CE935AA00AFA518 /* libz.tbd in Frameworks */,
				92B8DF371CE9359B00AFA518 /* SystemConfiguration.framework in Frameworks */,
				92B8DF351CE9359100AFA518 /* StoreKit.framework in Frameworks */,
				92B8DF331CE9358A00AFA518 /* Security.framework in Frameworks */,
				92B8DF311CE9357E00AFA518 /* QuartzCore.framework in Frameworks */,
				92B8DF2F1CE9357500AFA518 /* CoreLocation.framework in Frameworks */,
				92B8DF2D1CE9356E00AFA518 /* CoreGraphics.framework in Frameworks */,
				92B8DF2B1CE9356700AFA518 /* CFNetwork.framework in Frameworks */,
				92B8DF291CE9356000AFA518 /* AudioToolbox.framework in Frameworks */,
				6B35B017D7C7AC2EB65946EF /* Pods_Shuffles.framework in Frameworks */,
			);
			runOnlyForDeploymentPostprocessing = 0;
		};
/* End PBXFrameworksBuildPhase section */

/* Begin PBXGroup section */
		04D0631263E9D1971946E255 /* Pods */ = {
			isa = PBXGroup;
			children = (
				7F7ED6D7748AACFBB7251848 /* Pods-ChachaT.debug.xcconfig */,
				7F0EBE5031BC4BD95CB9E0A1 /* Pods-ChachaT.release.xcconfig */,
				2E31E5895EC075FA44071C62 /* Pods-Shuffles.debug.xcconfig */,
				95775F81069424F8C55B7B25 /* Pods-Shuffles.release.xcconfig */,
				E010027B7167FAA9E4AC828B /* Pods-Shuffles.debug(staging).xcconfig */,
				49472BCE7514485EBE58CA66 /* Pods-Shuffles.debug(production).xcconfig */,
			);
			name = Pods;
			sourceTree = "<group>";
		};
		5651C15A164084F13922B25B /* Frameworks */ = {
			isa = PBXGroup;
			children = (
				92B8DF3A1CE935B500AFA518 /* libsqlite3.tbd */,
				92B8DF381CE935AA00AFA518 /* libz.tbd */,
				92B8DF361CE9359B00AFA518 /* SystemConfiguration.framework */,
				92B8DF341CE9359100AFA518 /* StoreKit.framework */,
				92B8DF321CE9358A00AFA518 /* Security.framework */,
				92B8DF301CE9357E00AFA518 /* QuartzCore.framework */,
				92B8DF2E1CE9357500AFA518 /* CoreLocation.framework */,
				92B8DF2C1CE9356E00AFA518 /* CoreGraphics.framework */,
				92B8DF2A1CE9356700AFA518 /* CFNetwork.framework */,
				92B8DF281CE9356000AFA518 /* AudioToolbox.framework */,
				B06754DA7D859F5BF7881282 /* Pods_ChachaT.framework */,
				471CA7B841A92D5EF573B32C /* Pods_Shuffles.framework */,
			);
			name = Frameworks;
			sourceTree = "<group>";
		};
		9205BA0C1D5637410080B7E2 /* Subviews */ = {
			isa = PBXGroup;
			children = (
				922C899E1D4DA26900DE1373 /* AnnotationView.swift */,
				920BF81B1D3FF5E300104842 /* CloseButton.swift */,
			);
			name = Subviews;
			sourceTree = "<group>";
		};
		920BF81A1D3FF5E300104842 /* TagListView */ = {
			isa = PBXGroup;
			children = (
				9205BA0C1D5637410080B7E2 /* Subviews */,
				922C899D1D4D934700DE1373 /* TagViews */,
				922C899C1D4D933300DE1373 /* TagListViews */,
				920BF81C1D3FF5E300104842 /* Info.plist */,
			);
			path = TagListView;
			sourceTree = "<group>";
		};
		920BF82C1D431C5E00104842 /* Matching */ = {
			isa = PBXGroup;
			children = (
				92BCEB611D849F3000E05C05 /* Data Models */,
				92BCEB511D8366C800E05C05 /* Subviews */,
				92BCEB4F1D83510E00E05C05 /* Matches.storyboard */,
				920BF8331D432E2500104842 /* MatchesViewController.swift */,
				92857DCC1DA1C264001DB92C /* MatchNotificationViewController.swift */,
			);
			name = Matching;
			sourceTree = "<group>";
		};
		920BF8351D4333CA00104842 /* Messaging */ = {
			isa = PBXGroup;
			children = (
				923C7EDE1D94223D0033A8A2 /* Data Models */,
				920BF8381D4334DF00104842 /* ChatViewController.swift */,
				92A7F7DE1D9C6908005D22AA /* Camera.swift */,
			);
			name = Messaging;
			sourceTree = "<group>";
		};
		92120D9C1D6BF95B00320822 /* Subviews */ = {
			isa = PBXGroup;
			children = (
				925884AA1D90809E006D7C01 /* SliderView.swift */,
			);
			name = Subviews;
			sourceTree = "<group>";
		};
		92120D9D1D6BFA4200320822 /* ChachaDropDown */ = {
			isa = PBXGroup;
			children = (
				922C89831D4A07D500DE1373 /* ChachaDropDownMenu.swift */,
				925884AC1D909F35006D7C01 /* Extensions */,
				92120D9C1D6BF95B00320822 /* Subviews */,
			);
			name = ChachaDropDown;
			sourceTree = "<group>";
		};
		92120D9E1D6BFB1700320822 /* Search Area */ = {
			isa = PBXGroup;
			children = (
				922C89851D4B1F1D00DE1373 /* ScrollViewSearchView.xib */,
				922C89871D4B1F6400DE1373 /* ScrollViewSearchView.swift */,
				922C89921D4C460200DE1373 /* CustomTagsSearchBar.swift */,
			);
			name = "Search Area";
			sourceTree = "<group>";
		};
		922C898F1D4C080F00DE1373 /* Custom Segues */ = {
			isa = PBXGroup;
			children = (
				922C89901D4C087E00DE1373 /* CustomBackgroundAnimationToSearchSegue.swift */,
			);
			name = "Custom Segues";
			sourceTree = "<group>";
		};
		922C899C1D4D933300DE1373 /* TagListViews */ = {
			isa = PBXGroup;
			children = (
				920BF81D1D3FF5E300104842 /* TagListView.h */,
				920BF81E1D3FF5E300104842 /* TagListView.swift */,
				922C89981D4D86C800DE1373 /* ChachaChoicesTagListView.swift */,
				922C899A1D4D901E00DE1373 /* ChachaChosenTagListView.swift */,
			);
			name = TagListViews;
			sourceTree = "<group>";
		};
		922C899D1D4D934700DE1373 /* TagViews */ = {
			isa = PBXGroup;
			children = (
				920BF81F1D3FF5E300104842 /* TagView.swift */,
				920BF8241D3FF63A00104842 /* SpecialtyTagView.swift */,
				9258849E1D902704006D7C01 /* DropDownTagView.swift */,
			);
			name = TagViews;
			sourceTree = "<group>";
		};
		923C7ED81D9308F20033A8A2 /* Internal Models */ = {
			isa = PBXGroup;
			children = (
				923C7ED61D9303E30033A8A2 /* Connection.swift */,
				925884A21D903B32006D7C01 /* DropDownTag.swift */,
				925884A01D903A58006D7C01 /* Tag.swift */,
				923C7EDA1D9309200033A8A2 /* ChatRoom.swift */,
				923C7EDC1D930B2F0033A8A2 /* Message.swift */,
				92857DCE1DA2F9F2001DB92C /* Swipe.swift */,
			);
			name = "Internal Models";
			sourceTree = "<group>";
		};
		923C7ED91D9308FA0033A8A2 /* Parse Models */ = {
			isa = PBXGroup;
			children = (
				920BF8361D43346B00104842 /* Chat.swift */,
				9261085B1CEA196C009F3E86 /* User.swift */,
				92857DD01DA310CB001DB92C /* ParseSwipe.swift */,
				92C1FC1A1DAAE6D600660BD8 /* ParseTag.swift */,
				92C1FC1D1DAAE97400660BD8 /* DropDownCategory.swift */,
				92E36F491DAFD176000F2D22 /* JointParseTagToUser.swift */,
				929428DD1DC37A5E0019617C /* Tags.swift */,
			);
			name = "Parse Models";
			sourceTree = "<group>";
		};
		923C7EDE1D94223D0033A8A2 /* Data Models */ = {
			isa = PBXGroup;
			children = (
				923C7EDF1D9422520033A8A2 /* ChatDataStore.swift */,
			);
			name = "Data Models";
			sourceTree = "<group>";
		};
		924139A71DC664C800C8B6AF /* Anonymous User */ = {
			isa = PBXGroup;
			children = (
				924139A81DC665E100C8B6AF /* Data Model */,
				924139A91DC6661A00C8B6AF /* MainPageAnonymousUser.swift */,
			);
			name = "Anonymous User";
			sourceTree = "<group>";
		};
		924139A81DC665E100C8B6AF /* Data Model */ = {
			isa = PBXGroup;
			children = (
				924139AB1DC6665D00C8B6AF /* AnonymousDataStore.swift */,
			);
			name = "Data Model";
			sourceTree = "<group>";
		};
		924139AD1DC67D9600C8B6AF /* Informational Area View */ = {
			isa = PBXGroup;
			children = (
				924139AE1DC67E2800C8B6AF /* DescriptionDetailView.xib */,
				924139B01DC67EA100C8B6AF /* DescriptionDetailView.swift */,
			);
			name = "Informational Area View";
			sourceTree = "<group>";
		};
		925884AC1D909F35006D7C01 /* Extensions */ = {
			isa = PBXGroup;
			children = (
				925884A61D905D1E006D7C01 /* TagChoicesDropDown.swift */,
				925884A81D907C48006D7C01 /* SliderDropDown.swift */,
			);
			name = Extensions;
			sourceTree = "<group>";
		};
		925D0FCF1D6F634400DE20F9 /* Xibs */ = {
			isa = PBXGroup;
			children = (
				926108301CE25B84009F3E86 /* CustomOverlayView.xib */,
				9261082E1CE25B74009F3E86 /* CustomCardView.xib */,
			);
			name = Xibs;
			sourceTree = "<group>";
		};
		925D0FD21D74981100DE20F9 /* Adding Tags */ = {
			isa = PBXGroup;
			children = (
				925D0FD51D7498EC00DE20F9 /* Data Models */,
				925D0FDA1D760E2F00DE20F9 /* Subviews */,
				925D0FD31D74986D00DE20F9 /* AddingTags.storyboard */,
				928819471D2874D8000A8E04 /* AddingTagsToProfileViewController.swift */,
			);
			name = "Adding Tags";
			sourceTree = "<group>";
		};
		925D0FD51D7498EC00DE20F9 /* Data Models */ = {
			isa = PBXGroup;
			children = (
				925D0FD61D74990900DE20F9 /* AddingTagsDataStore.swift */,
			);
			name = "Data Models";
			sourceTree = "<group>";
		};
		925D0FDA1D760E2F00DE20F9 /* Subviews */ = {
			isa = PBXGroup;
			children = (
				925D0FD81D75E61300DE20F9 /* CreationTagView.swift */,
				925D0FDB1D760E7500DE20F9 /* CreationMenuView.swift */,
				925D0FDD1D760EE000DE20F9 /* CreationMenuView.xib */,
			);
			name = Subviews;
			sourceTree = "<group>";
		};
		9261080A1CDBCA32009F3E86 = {
			isa = PBXGroup;
			children = (
				926108151CDBCA32009F3E86 /* ChachaT */,
				9261081D1CDBCA32009F3E86 /* Assets.xcassets */,
				926108141CDBCA32009F3E86 /* Products */,
				5651C15A164084F13922B25B /* Frameworks */,
				04D0631263E9D1971946E255 /* Pods */,
			);
			sourceTree = "<group>";
		};
		926108141CDBCA32009F3E86 /* Products */ = {
			isa = PBXGroup;
			children = (
				926108131CDBCA32009F3E86 /* Shuffles.app */,
			);
			name = Products;
			sourceTree = "<group>";
		};
		926108151CDBCA32009F3E86 /* ChachaT */ = {
			isa = PBXGroup;
			children = (
				92857DCB1DA0427D001DB92C /* ChachaT.entitlements */,
				926108531CEA0E95009F3E86 /* Welcome */,
				92BCEB721D88A8C500E05C05 /* Settings */,
				928819441D286C70000A8E04 /* Profile */,
				920BF8351D4333CA00104842 /* Messaging */,
				920BF82C1D431C5E00104842 /* Matching */,
				925D0FD21D74981100DE20F9 /* Adding Tags */,
				9273B7991CFF491D0001A608 /* 8tracks Filtering Search */,
				926108391CE4EDA0009F3E86 /* Tinder */,
				926108161CDBCA32009F3E86 /* AppDelegate.swift */,
				9261081F1CDBCA32009F3E86 /* LaunchScreen.storyboard */,
				926108221CDBCA32009F3E86 /* Info.plist */,
				922C898F1D4C080F00DE1373 /* Custom Segues */,
				9288194D1D2BECC8000A8E04 /* Navigation */,
				9261085A1CEA1939009F3E86 /* Models */,
				9261083C1CE4F8D5009F3E86 /* Globals/Helper Files */,
				9261083B1CE4EDF7009F3E86 /* sounds */,
				926185F01D46CC4700F25A79 /* ChachaT-Bridging-Header.h */,
			);
			path = ChachaT;
			sourceTree = "<group>";
		};
		926108391CE4EDA0009F3E86 /* Tinder */ = {
			isa = PBXGroup;
			children = (
				92BCEB791D88BEB800E05C05 /* Data Models */,
				9261083A1CE4EDC4009F3E86 /* subviews/xibs */,
				92BCEB6A1D85B49900E05C05 /* Card Detail */,
				929A71E51CECDF4C000C9549 /* Koloda */,
				9261083F1CE50447009F3E86 /* Magic Move */,
				924139A71DC664C800C8B6AF /* Anonymous User */,
				9261082A1CE257AE009F3E86 /* BackgroundAnimationViewController.swift */,
				9261081A1CDBCA32009F3E86 /* Main.storyboard */,
			);
			name = Tinder;
			sourceTree = "<group>";
		};
		9261083A1CE4EDC4009F3E86 /* subviews/xibs */ = {
			isa = PBXGroup;
			children = (
				924139AD1DC67D9600C8B6AF /* Informational Area View */,
				925D0FD01D6F638D00DE20F9 /* FakeNavigationBarView.swift */,
			);
			name = subviews/xibs;
			sourceTree = "<group>";
		};
		9261083B1CE4EDF7009F3E86 /* sounds */ = {
			isa = PBXGroup;
			children = (
				926108321CE25C22009F3E86 /* woosh.wav */,
			);
			name = sounds;
			sourceTree = "<group>";
		};
		9261083C1CE4F8D5009F3E86 /* Globals/Helper Files */ = {
			isa = PBXGroup;
			children = (
				92BCEB601D847F3A00E05C05 /* Circle Views */,
				92BCEB5F1D847C4000E05C05 /* Scroll Views */,
				929A71DA1CEB935E000C9549 /* DatePickerDialog.swift */,
				9261083D1CE4F8E3009F3E86 /* globals.swift */,
				929FDB841CFA7AE100ACE474 /* UIImageExtension.swift */,
				9275FB7F1D79FDDC00D8131D /* UIImageViewExtension.swift */,
				928B8D761DBA585000D6B6D3 /* Configurations */,
				9272CD791DBA6FF200446A1C /* PopulateDropDownCategories.swift */,
			);
			name = "Globals/Helper Files";
			sourceTree = "<group>";
		};
		9261083F1CE50447009F3E86 /* Magic Move */ = {
			isa = PBXGroup;
			children = (
				926108401CE50661009F3E86 /* MagicMoveExt.swift */,
				926108421CE5066F009F3E86 /* UIViewExt.swift */,
				926108431CE5066F009F3E86 /* UIGestureRecognizerExt.swift */,
				926108461CE50755009F3E86 /* MagicMove.swift */,
				926108481CE5079E009F3E86 /* CustomTransitionExamples.swift */,
			);
			name = "Magic Move";
			sourceTree = "<group>";
		};
		926108531CEA0E95009F3E86 /* Welcome */ = {
			isa = PBXGroup;
			children = (
				928761FF1D997027000EAED6 /* Data Models */,
				926108541CEA0EA6009F3E86 /* Onboarding.storyboard */,
				926108561CEA0EC0009F3E86 /* SignUpLogInViewController.swift */,
			);
			name = Welcome;
			sourceTree = "<group>";
		};
		9261085A1CEA1939009F3E86 /* Models */ = {
			isa = PBXGroup;
			children = (
				923C7ED91D9308FA0033A8A2 /* Parse Models */,
				923C7ED81D9308F20033A8A2 /* Internal Models */,
			);
			name = Models;
			sourceTree = "<group>";
		};
		92709BF31DA6A28D00E0B8DE /* Data Models */ = {
			isa = PBXGroup;
			children = (
				92709BF41DA6A2BB00E0B8DE /* CardDetailDataStore.swift */,
			);
			name = "Data Models";
			sourceTree = "<group>";
		};
		9273B7991CFF491D0001A608 /* 8tracks Filtering Search */ = {
			isa = PBXGroup;
			children = (
				92C1B1DD1D51A7A200F4A815 /* Data Models */,
				920BF81A1D3FF5E300104842 /* TagListView */,
				928819391D1AE484000A8E04 /* Subview Files */,
				9273B79A1CFF4D010001A608 /* Filtering.storyboard */,
				928819351D18E78B000A8E04 /* SuperTagViewController.swift */,
				920BF8261D415FC000104842 /* SearchTagsViewController.swift */,
			);
			name = "8tracks Filtering Search";
			sourceTree = "<group>";
		};
		9275FB811D7A02F900D8131D /* Edit Profile */ = {
			isa = PBXGroup;
			children = (
				9275FB821D7A030600D8131D /* Subviews */,
				920BF8281D41DF9400104842 /* EditProfileViewController.swift */,
				928B8D721DB96A1F00D6B6D3 /* HeightPickerViewController.swift */,
			);
			name = "Edit Profile";
			sourceTree = "<group>";
		};
		9275FB821D7A030600D8131D /* Subviews */ = {
			isa = PBXGroup;
			children = (
				9275FB901D7C690B00D8131D /* AboutView */,
				9275FB8B1D7B571200D8131D /* PhotoEditing */,
			);
			name = Subviews;
			sourceTree = "<group>";
		};
		9275FB8B1D7B571200D8131D /* PhotoEditing */ = {
			isa = PBXGroup;
			children = (
				929428DC1DC2816F0019617C /* Single Photo Editing  View */,
				9275FB871D7B497C00D8131D /* PhotoEditingMasterLayoutView.swift */,
				9275FB891D7B540C00D8131D /* PhotoEditingStackView.swift */,
			);
			name = PhotoEditing;
			sourceTree = "<group>";
		};
		9275FB8C1D7B64AF00D8131D /* Data Models */ = {
			isa = PBXGroup;
			children = (
				9275FB8E1D7B78FD00D8131D /* EditProfileDataStore.swift */,
			);
			name = "Data Models";
			sourceTree = "<group>";
		};
		9275FB901D7C690B00D8131D /* AboutView */ = {
			isa = PBXGroup;
			children = (
				9275FB911D7C6A4900D8131D /* AboutView.xib */,
				9275FB931D7C715800D8131D /* AboutView.swift */,
			);
			name = AboutView;
			sourceTree = "<group>";
		};
		928761FF1D997027000EAED6 /* Data Models */ = {
			isa = PBXGroup;
			children = (
				928762011D997096000EAED6 /* WelcomeDataStore.swift */,
			);
			name = "Data Models";
			sourceTree = "<group>";
		};
		928819391D1AE484000A8E04 /* Subview Files */ = {
			isa = PBXGroup;
			children = (
				92120D9E1D6BFB1700320822 /* Search Area */,
				92120D9D1D6BFA4200320822 /* ChachaDropDown */,
			);
			name = "Subview Files";
			sourceTree = "<group>";
		};
		928819441D286C70000A8E04 /* Profile */ = {
			isa = PBXGroup;
			children = (
				9275FB8C1D7B64AF00D8131D /* Data Models */,
				9275FB811D7A02F900D8131D /* Edit Profile */,
				928819451D286CA8000A8E04 /* Profile.storyboard */,
				928819491D2A1C26000A8E04 /* ProfileIndexViewController.swift */,
			);
			name = Profile;
			sourceTree = "<group>";
		};
		9288194D1D2BECC8000A8E04 /* Navigation */ = {
			isa = PBXGroup;
			children = (
				92709BF61DA6B18800E0B8DE /* FrostedSidebar.swift */,
				92B02AB91D46F49D00624716 /* ChachaNavigationViewController.swift */,
			);
			name = Navigation;
			sourceTree = "<group>";
		};
		928B8D761DBA585000D6B6D3 /* Configurations */ = {
			isa = PBXGroup;
			children = (
				928B8D771DBA588700D6B6D3 /* Enviroment.swift */,
				928B8D791DBA58B700D6B6D3 /* Configuration.swift */,
			);
			name = Configurations;
			sourceTree = "<group>";
		};
		929428DC1DC2816F0019617C /* Single Photo Editing  View */ = {
			isa = PBXGroup;
			children = (
				9275FB851D7A0F2C00D8131D /* PhotoEditingView.swift */,
				9275FB831D7A037D00D8131D /* PhotoEditingView.xib */,
			);
			name = "Single Photo Editing  View";
			sourceTree = "<group>";
		};
		929A71E51CECDF4C000C9549 /* Koloda */ = {
			isa = PBXGroup;
			children = (
				925D0FCF1D6F634400DE20F9 /* Xibs */,
				926108281CE255ED009F3E86 /* CustomKolodaView.swift */,
				926108341CE25C5E009F3E86 /* CustomOverlayView.swift */,
				9261082C1CE25994009F3E86 /* CustomCardView.swift */,
			);
			name = Koloda;
			sourceTree = "<group>";
		};
		92BCEB511D8366C800E05C05 /* Subviews */ = {
			isa = PBXGroup;
			children = (
				92BCEB641D856BFC00E05C05 /* Tableview headings */,
				92BCEB521D8366DD00E05C05 /* Tableview Cells */,
			);
			name = Subviews;
			sourceTree = "<group>";
		};
		92BCEB521D8366DD00E05C05 /* Tableview Cells */ = {
			isa = PBXGroup;
			children = (
				92BCEB5D1D83AFEE00E05C05 /* ScrollingMatchesTableViewCell.swift */,
				92BCEB621D84B16100E05C05 /* ChatTableViewCell.swift */,
			);
			name = "Tableview Cells";
			sourceTree = "<group>";
		};
		92BCEB5F1D847C4000E05C05 /* Scroll Views */ = {
			isa = PBXGroup;
			children = (
				92BCEB5B1D83813400E05C05 /* AutoGrowingHorizontalScrollView.swift */,
			);
			name = "Scroll Views";
			sourceTree = "<group>";
		};
		92BCEB601D847F3A00E05C05 /* Circle Views */ = {
			isa = PBXGroup;
			children = (
				92BCEB571D837DD700E05C05 /* CircleProfileView.swift */,
				92BCEB701D87457000E05C05 /* CircularImageView.swift */,
				92BCEB6E1D87115B00E05C05 /* CircleView.swift */,
			);
			name = "Circle Views";
			sourceTree = "<group>";
		};
		92BCEB611D849F3000E05C05 /* Data Models */ = {
			isa = PBXGroup;
			children = (
				920BF8311D431CD000104842 /* MatchDataStore.swift */,
			);
			name = "Data Models";
			sourceTree = "<group>";
		};
		92BCEB641D856BFC00E05C05 /* Tableview headings */ = {
			isa = PBXGroup;
			children = (
				92BCEB651D856C2E00E05C05 /* HeadingView.swift */,
			);
			name = "Tableview headings";
			sourceTree = "<group>";
		};
		92BCEB6A1D85B49900E05C05 /* Card Detail */ = {
			isa = PBXGroup;
			children = (
				92709BF31DA6A28D00E0B8DE /* Data Models */,
				92BCEB6B1D85B4AA00E05C05 /* Subviews */,
				9261084A1CE50816009F3E86 /* CardDetailViewController.swift */,
			);
			name = "Card Detail";
			sourceTree = "<group>";
		};
		92BCEB6B1D85B4AA00E05C05 /* Subviews */ = {
			isa = PBXGroup;
			children = (
				92BCEB6C1D85B4CB00E05C05 /* BulletPointView.swift */,
			);
			name = Subviews;
			sourceTree = "<group>";
		};
		92BCEB721D88A8C500E05C05 /* Settings */ = {
			isa = PBXGroup;
			children = (
				92BCEB731D88A8DF00E05C05 /* Settings.storyboard */,
				92BCEB771D88AB0B00E05C05 /* SettingsTableViewController.swift */,
			);
			name = Settings;
			sourceTree = "<group>";
		};
		92BCEB791D88BEB800E05C05 /* Data Models */ = {
			isa = PBXGroup;
			children = (
				92BCEB7A1D88BEDE00E05C05 /* BackgroundAnimationDataStore.swift */,
			);
			name = "Data Models";
			sourceTree = "<group>";
		};
		92C1B1DD1D51A7A200F4A815 /* Data Models */ = {
			isa = PBXGroup;
			children = (
				92E36F4B1DB78A8F000F2D22 /* SuperTagDataStore.swift */,
				92C1B1DE1D51A7D700F4A815 /* SearchTagsDataStore.swift */,
			);
			name = "Data Models";
			sourceTree = "<group>";
		};
/* End PBXGroup section */

/* Begin PBXNativeTarget section */
		926108121CDBCA32009F3E86 /* Shuffles */ = {
			isa = PBXNativeTarget;
			buildConfigurationList = 926108251CDBCA32009F3E86 /* Build configuration list for PBXNativeTarget "Shuffles" */;
			buildPhases = (
				3EC3AA9E6CFF964C9E2D1DDE /* [CP] Check Pods Manifest.lock */,
				9261080F1CDBCA32009F3E86 /* Sources */,
				926108101CDBCA32009F3E86 /* Frameworks */,
				926108111CDBCA32009F3E86 /* Resources */,
				03CAB80DB365E03DB1286BB9 /* [CP] Embed Pods Frameworks */,
				C7E4CD53A6426747E00C6FB1 /* [CP] Copy Pods Resources */,
			);
			buildRules = (
			);
			dependencies = (
			);
			name = Shuffles;
			productName = ChachaT;
			productReference = 926108131CDBCA32009F3E86 /* Shuffles.app */;
			productType = "com.apple.product-type.application";
		};
/* End PBXNativeTarget section */

/* Begin PBXProject section */
		9261080B1CDBCA32009F3E86 /* Project object */ = {
			isa = PBXProject;
			attributes = {
				LastSwiftUpdateCheck = 0730;
				LastUpgradeCheck = 0810;
				ORGANIZATIONNAME = Chong500Productions;
				TargetAttributes = {
					926108121CDBCA32009F3E86 = {
						CreatedOnToolsVersion = 7.3.1;
						DevelopmentTeam = KNK3WJA66N;
						LastSwiftMigration = 0800;
						ProvisioningStyle = Manual;
						SystemCapabilities = {
							com.apple.Keychain = {
								enabled = 1;
							};
						};
					};
				};
			};
			buildConfigurationList = 9261080E1CDBCA32009F3E86 /* Build configuration list for PBXProject "ChachaT" */;
			compatibilityVersion = "Xcode 3.2";
			developmentRegion = English;
			hasScannedForEncodings = 0;
			knownRegions = (
				en,
				Base,
			);
			mainGroup = 9261080A1CDBCA32009F3E86;
			productRefGroup = 926108141CDBCA32009F3E86 /* Products */;
			projectDirPath = "";
			projectRoot = "";
			targets = (
				926108121CDBCA32009F3E86 /* Shuffles */,
			);
		};
/* End PBXProject section */

/* Begin PBXResourcesBuildPhase section */
		926108111CDBCA32009F3E86 /* Resources */ = {
			isa = PBXResourcesBuildPhase;
			buildActionMask = 2147483647;
			files = (
				926108211CDBCA32009F3E86 /* LaunchScreen.storyboard in Resources */,
				925D0FD41D74986D00DE20F9 /* AddingTags.storyboard in Resources */,
				928819461D286CA8000A8E04 /* Profile.storyboard in Resources */,
				926108331CE25C22009F3E86 /* woosh.wav in Resources */,
				9275FB921D7C6A4900D8131D /* AboutView.xib in Resources */,
				92BCEB501D83510E00E05C05 /* Matches.storyboard in Resources */,
				9261081E1CDBCA32009F3E86 /* Assets.xcassets in Resources */,
				922C89861D4B1F1D00DE1373 /* ScrollViewSearchView.xib in Resources */,
				9275FB841D7A037D00D8131D /* PhotoEditingView.xib in Resources */,
				926108311CE25B84009F3E86 /* CustomOverlayView.xib in Resources */,
				926108551CEA0EA6009F3E86 /* Onboarding.storyboard in Resources */,
				925D0FDE1D760EE000DE20F9 /* CreationMenuView.xib in Resources */,
				920BF8211D3FF5E300104842 /* Info.plist in Resources */,
				9273B79B1CFF4D010001A608 /* Filtering.storyboard in Resources */,
				92BCEB741D88A8DF00E05C05 /* Settings.storyboard in Resources */,
				9261081C1CDBCA32009F3E86 /* Main.storyboard in Resources */,
				924139AF1DC67E2800C8B6AF /* DescriptionDetailView.xib in Resources */,
				9261082F1CE25B74009F3E86 /* CustomCardView.xib in Resources */,
			);
			runOnlyForDeploymentPostprocessing = 0;
		};
/* End PBXResourcesBuildPhase section */

/* Begin PBXShellScriptBuildPhase section */
		03CAB80DB365E03DB1286BB9 /* [CP] Embed Pods Frameworks */ = {
			isa = PBXShellScriptBuildPhase;
			buildActionMask = 2147483647;
			files = (
			);
			inputPaths = (
			);
			name = "[CP] Embed Pods Frameworks";
			outputPaths = (
			);
			runOnlyForDeploymentPostprocessing = 0;
			shellPath = /bin/sh;
			shellScript = "\"${SRCROOT}/Pods/Target Support Files/Pods-Shuffles/Pods-Shuffles-frameworks.sh\"\n";
			showEnvVarsInLog = 0;
		};
		3EC3AA9E6CFF964C9E2D1DDE /* [CP] Check Pods Manifest.lock */ = {
			isa = PBXShellScriptBuildPhase;
			buildActionMask = 2147483647;
			files = (
			);
			inputPaths = (
			);
			name = "[CP] Check Pods Manifest.lock";
			outputPaths = (
			);
			runOnlyForDeploymentPostprocessing = 0;
			shellPath = /bin/sh;
			shellScript = "diff \"${PODS_ROOT}/../Podfile.lock\" \"${PODS_ROOT}/Manifest.lock\" > /dev/null\nif [ $? != 0 ] ; then\n    # print error to STDERR\n    echo \"error: The sandbox is not in sync with the Podfile.lock. Run 'pod install' or update your CocoaPods installation.\" >&2\n    exit 1\nfi\n";
			showEnvVarsInLog = 0;
		};
		C7E4CD53A6426747E00C6FB1 /* [CP] Copy Pods Resources */ = {
			isa = PBXShellScriptBuildPhase;
			buildActionMask = 2147483647;
			files = (
			);
			inputPaths = (
			);
			name = "[CP] Copy Pods Resources";
			outputPaths = (
			);
			runOnlyForDeploymentPostprocessing = 0;
			shellPath = /bin/sh;
			shellScript = "\"${SRCROOT}/Pods/Target Support Files/Pods-Shuffles/Pods-Shuffles-resources.sh\"\n";
			showEnvVarsInLog = 0;
		};
/* End PBXShellScriptBuildPhase section */

/* Begin PBXSourcesBuildPhase section */
		9261080F1CDBCA32009F3E86 /* Sources */ = {
			isa = PBXSourcesBuildPhase;
			buildActionMask = 2147483647;
			files = (
				925884A11D903A58006D7C01 /* Tag.swift in Sources */,
				926108291CE255ED009F3E86 /* CustomKolodaView.swift in Sources */,
				926108571CEA0EC0009F3E86 /* SignUpLogInViewController.swift in Sources */,
				926108491CE5079E009F3E86 /* CustomTransitionExamples.swift in Sources */,
				922C899B1D4D901E00DE1373 /* ChachaChosenTagListView.swift in Sources */,
				92BCEB581D837DD700E05C05 /* CircleProfileView.swift in Sources */,
				923C7EE01D9422520033A8A2 /* ChatDataStore.swift in Sources */,
				9261085C1CEA196C009F3E86 /* User.swift in Sources */,
				92BCEB7B1D88BEDE00E05C05 /* BackgroundAnimationDataStore.swift in Sources */,
				9261082B1CE257AE009F3E86 /* BackgroundAnimationViewController.swift in Sources */,
				9288194A1D2A1C26000A8E04 /* ProfileIndexViewController.swift in Sources */,
				920BF8371D43346B00104842 /* Chat.swift in Sources */,
				923C7ED71D9303E30033A8A2 /* Connection.swift in Sources */,
				929A71DB1CEB935E000C9549 /* DatePickerDialog.swift in Sources */,
				922C899F1D4DA26900DE1373 /* AnnotationView.swift in Sources */,
				92BCEB5C1D83813400E05C05 /* AutoGrowingHorizontalScrollView.swift in Sources */,
				925D0FD91D75E61300DE20F9 /* CreationTagView.swift in Sources */,
				9272CD7A1DBA6FF200446A1C /* PopulateDropDownCategories.swift in Sources */,
				9275FB881D7B497C00D8131D /* PhotoEditingMasterLayoutView.swift in Sources */,
				920BF8231D3FF5E300104842 /* TagView.swift in Sources */,
				92709BF51DA6A2BB00E0B8DE /* CardDetailDataStore.swift in Sources */,
				928762021D997096000EAED6 /* WelcomeDataStore.swift in Sources */,
				92BCEB6F1D87115B00E05C05 /* CircleView.swift in Sources */,
				925D0FD71D74990900DE20F9 /* AddingTagsDataStore.swift in Sources */,
				923C7EDD1D930B2F0033A8A2 /* Message.swift in Sources */,
				920BF8271D415FC000104842 /* SearchTagsViewController.swift in Sources */,
				9275FB801D79FDDC00D8131D /* UIImageViewExtension.swift in Sources */,
				9258849F1D902704006D7C01 /* DropDownTagView.swift in Sources */,
				92709BF71DA6B18800E0B8DE /* FrostedSidebar.swift in Sources */,
				920BF8291D41DF9400104842 /* EditProfileViewController.swift in Sources */,
				9275FB8F1D7B78FD00D8131D /* EditProfileDataStore.swift in Sources */,
				925D0FD11D6F638D00DE20F9 /* FakeNavigationBarView.swift in Sources */,
				925884A31D903B32006D7C01 /* DropDownTag.swift in Sources */,
				928819481D2874D8000A8E04 /* AddingTagsToProfileViewController.swift in Sources */,
				92C1FC1E1DAAE97400660BD8 /* DropDownCategory.swift in Sources */,
				92C1B1DF1D51A7D700F4A815 /* SearchTagsDataStore.swift in Sources */,
				926108451CE5066F009F3E86 /* UIGestureRecognizerExt.swift in Sources */,
				925D0FDC1D760E7500DE20F9 /* CreationMenuView.swift in Sources */,
				92857DCD1DA1C264001DB92C /* MatchNotificationViewController.swift in Sources */,
				922C89931D4C460200DE1373 /* CustomTagsSearchBar.swift in Sources */,
				9261083E1CE4F8E3009F3E86 /* globals.swift in Sources */,
				924139AA1DC6661A00C8B6AF /* MainPageAnonymousUser.swift in Sources */,
				920BF8341D432E2500104842 /* MatchesViewController.swift in Sources */,
				9275FB941D7C715800D8131D /* AboutView.swift in Sources */,
				92BCEB781D88AB0B00E05C05 /* SettingsTableViewController.swift in Sources */,
				920BF8321D431CD000104842 /* MatchDataStore.swift in Sources */,
				926108411CE50661009F3E86 /* MagicMoveExt.swift in Sources */,
				925884A71D905D1E006D7C01 /* TagChoicesDropDown.swift in Sources */,
				920BF8201D3FF5E300104842 /* CloseButton.swift in Sources */,
				92C1FC1B1DAAE6D600660BD8 /* ParseTag.swift in Sources */,
				92BCEB631D84B16100E05C05 /* ChatTableViewCell.swift in Sources */,
				9275FB861D7A0F2C00D8131D /* PhotoEditingView.swift in Sources */,
				92857DCF1DA2F9F2001DB92C /* Swipe.swift in Sources */,
				922C89991D4D86C800DE1373 /* ChachaChoicesTagListView.swift in Sources */,
				92857DD11DA310CB001DB92C /* ParseSwipe.swift in Sources */,
				9275FB8A1D7B540C00D8131D /* PhotoEditingStackView.swift in Sources */,
				928819361D18E78B000A8E04 /* SuperTagViewController.swift in Sources */,
				924139B11DC67EA100C8B6AF /* DescriptionDetailView.swift in Sources */,
				922C89841D4A07D500DE1373 /* ChachaDropDownMenu.swift in Sources */,
				92BCEB5E1D83AFEE00E05C05 /* ScrollingMatchesTableViewCell.swift in Sources */,
				92BCEB711D87457000E05C05 /* CircularImageView.swift in Sources */,
				928B8D7A1DBA58B700D6B6D3 /* Configuration.swift in Sources */,
				923C7EDB1D9309200033A8A2 /* ChatRoom.swift in Sources */,
				92B02ABA1D46F49D00624716 /* ChachaNavigationViewController.swift in Sources */,
				92BCEB6D1D85B4CB00E05C05 /* BulletPointView.swift in Sources */,
				926108441CE5066F009F3E86 /* UIViewExt.swift in Sources */,
				925884AB1D90809E006D7C01 /* SliderView.swift in Sources */,
				92E36F4A1DAFD176000F2D22 /* JointParseTagToUser.swift in Sources */,
				926108351CE25C5E009F3E86 /* CustomOverlayView.swift in Sources */,
				920BF8221D3FF5E300104842 /* TagListView.swift in Sources */,
				925884A91D907C48006D7C01 /* SliderDropDown.swift in Sources */,
				929FDB851CFA7AE100ACE474 /* UIImageExtension.swift in Sources */,
				9261082D1CE25994009F3E86 /* CustomCardView.swift in Sources */,
				92E36F4C1DB78A8F000F2D22 /* SuperTagDataStore.swift in Sources */,
				929428DE1DC37A5E0019617C /* Tags.swift in Sources */,
				922C89881D4B1F6400DE1373 /* ScrollViewSearchView.swift in Sources */,
				928B8D781DBA588700D6B6D3 /* Enviroment.swift in Sources */,
				92BCEB661D856C2E00E05C05 /* HeadingView.swift in Sources */,
				926108471CE50755009F3E86 /* MagicMove.swift in Sources */,
				920BF8391D4334DF00104842 /* ChatViewController.swift in Sources */,
				9261084B1CE50816009F3E86 /* CardDetailViewController.swift in Sources */,
				92A7F7DF1D9C6908005D22AA /* Camera.swift in Sources */,
				924139AC1DC6665D00C8B6AF /* AnonymousDataStore.swift in Sources */,
				926108171CDBCA32009F3E86 /* AppDelegate.swift in Sources */,
				922C89911D4C087E00DE1373 /* CustomBackgroundAnimationToSearchSegue.swift in Sources */,
				920BF8251D3FF63A00104842 /* SpecialtyTagView.swift in Sources */,
				928B8D731DB96A1F00D6B6D3 /* HeightPickerViewController.swift in Sources */,
			);
			runOnlyForDeploymentPostprocessing = 0;
		};
/* End PBXSourcesBuildPhase section */

/* Begin PBXVariantGroup section */
		9261081A1CDBCA32009F3E86 /* Main.storyboard */ = {
			isa = PBXVariantGroup;
			children = (
				9261081B1CDBCA32009F3E86 /* Base */,
			);
			name = Main.storyboard;
			sourceTree = "<group>";
		};
		9261081F1CDBCA32009F3E86 /* LaunchScreen.storyboard */ = {
			isa = PBXVariantGroup;
			children = (
				926108201CDBCA32009F3E86 /* Base */,
			);
			name = LaunchScreen.storyboard;
			sourceTree = "<group>";
		};
/* End PBXVariantGroup section */

/* Begin XCBuildConfiguration section */
		926108231CDBCA32009F3E86 /* Debug(Staging) */ = {
			isa = XCBuildConfiguration;
			buildSettings = {
				ALWAYS_SEARCH_USER_PATHS = NO;
				CLANG_ANALYZER_NONNULL = YES;
				CLANG_CXX_LANGUAGE_STANDARD = "gnu++0x";
				CLANG_CXX_LIBRARY = "libc++";
				CLANG_ENABLE_MODULES = YES;
				CLANG_ENABLE_OBJC_ARC = YES;
				CLANG_WARN_BOOL_CONVERSION = YES;
				CLANG_WARN_CONSTANT_CONVERSION = YES;
				CLANG_WARN_DIRECT_OBJC_ISA_USAGE = YES_ERROR;
				CLANG_WARN_EMPTY_BODY = YES;
				CLANG_WARN_ENUM_CONVERSION = YES;
				CLANG_WARN_INFINITE_RECURSION = YES;
				CLANG_WARN_INT_CONVERSION = YES;
				CLANG_WARN_OBJC_ROOT_CLASS = YES_ERROR;
				CLANG_WARN_SUSPICIOUS_MOVE = YES;
				CLANG_WARN_UNREACHABLE_CODE = YES;
				CLANG_WARN__DUPLICATE_METHOD_MATCH = YES;
				CODE_SIGN_IDENTITY = "iPhone Developer";
				"CODE_SIGN_IDENTITY[sdk=iphoneos*]" = "iPhone Developer";
				COPY_PHASE_STRIP = NO;
				DEBUG_INFORMATION_FORMAT = dwarf;
				ENABLE_STRICT_OBJC_MSGSEND = YES;
				ENABLE_TESTABILITY = YES;
				GCC_C_LANGUAGE_STANDARD = gnu99;
				GCC_DYNAMIC_NO_PIC = NO;
				GCC_NO_COMMON_BLOCKS = YES;
				GCC_OPTIMIZATION_LEVEL = 0;
				GCC_PREPROCESSOR_DEFINITIONS = (
					"DEBUG=1",
					"$(inherited)",
				);
				GCC_WARN_64_TO_32_BIT_CONVERSION = YES;
				GCC_WARN_ABOUT_RETURN_TYPE = YES_ERROR;
				GCC_WARN_UNDECLARED_SELECTOR = YES;
				GCC_WARN_UNINITIALIZED_AUTOS = YES_AGGRESSIVE;
				GCC_WARN_UNUSED_FUNCTION = YES;
				GCC_WARN_UNUSED_VARIABLE = YES;
				IPHONEOS_DEPLOYMENT_TARGET = 9.3;
				MTL_ENABLE_DEBUG_INFO = YES;
				ONLY_ACTIVE_ARCH = YES;
				SDKROOT = iphoneos;
				SWIFT_OPTIMIZATION_LEVEL = "-Onone";
			};
			name = "Debug(Staging)";
		};
		926108241CDBCA32009F3E86 /* Release */ = {
			isa = XCBuildConfiguration;
			buildSettings = {
				ALWAYS_SEARCH_USER_PATHS = NO;
				CLANG_ANALYZER_NONNULL = YES;
				CLANG_CXX_LANGUAGE_STANDARD = "gnu++0x";
				CLANG_CXX_LIBRARY = "libc++";
				CLANG_ENABLE_MODULES = YES;
				CLANG_ENABLE_OBJC_ARC = YES;
				CLANG_WARN_BOOL_CONVERSION = YES;
				CLANG_WARN_CONSTANT_CONVERSION = YES;
				CLANG_WARN_DIRECT_OBJC_ISA_USAGE = YES_ERROR;
				CLANG_WARN_EMPTY_BODY = YES;
				CLANG_WARN_ENUM_CONVERSION = YES;
				CLANG_WARN_INFINITE_RECURSION = YES;
				CLANG_WARN_INT_CONVERSION = YES;
				CLANG_WARN_OBJC_ROOT_CLASS = YES_ERROR;
				CLANG_WARN_SUSPICIOUS_MOVE = YES;
				CLANG_WARN_UNREACHABLE_CODE = YES;
				CLANG_WARN__DUPLICATE_METHOD_MATCH = YES;
				CODE_SIGN_IDENTITY = "iPhone Developer";
				"CODE_SIGN_IDENTITY[sdk=iphoneos*]" = "iPhone Developer";
				COPY_PHASE_STRIP = NO;
				DEBUG_INFORMATION_FORMAT = "dwarf-with-dsym";
				ENABLE_NS_ASSERTIONS = NO;
				ENABLE_STRICT_OBJC_MSGSEND = YES;
				GCC_C_LANGUAGE_STANDARD = gnu99;
				GCC_NO_COMMON_BLOCKS = YES;
				GCC_WARN_64_TO_32_BIT_CONVERSION = YES;
				GCC_WARN_ABOUT_RETURN_TYPE = YES_ERROR;
				GCC_WARN_UNDECLARED_SELECTOR = YES;
				GCC_WARN_UNINITIALIZED_AUTOS = YES_AGGRESSIVE;
				GCC_WARN_UNUSED_FUNCTION = YES;
				GCC_WARN_UNUSED_VARIABLE = YES;
				IPHONEOS_DEPLOYMENT_TARGET = 9.3;
				MTL_ENABLE_DEBUG_INFO = NO;
				SDKROOT = iphoneos;
				SWIFT_OPTIMIZATION_LEVEL = "-Owholemodule";
				VALIDATE_PRODUCT = YES;
			};
			name = Release;
		};
		926108261CDBCA32009F3E86 /* Debug(Staging) */ = {
			isa = XCBuildConfiguration;
			baseConfigurationReference = E010027B7167FAA9E4AC828B /* Pods-Shuffles.debug(staging).xcconfig */;
			buildSettings = {
				ALWAYS_EMBED_SWIFT_STANDARD_LIBRARIES = YES;
				ASSETCATALOG_COMPILER_APPICON_NAME = AppIcon;
				CLANG_ENABLE_MODULES = YES;
				CODE_SIGN_ENTITLEMENTS = ChachaT/ChachaT.entitlements;
				CODE_SIGN_IDENTITY = "iPhone Distribution: Medici Holdings LLC (KNK3WJA66N)";
				"CODE_SIGN_IDENTITY[sdk=iphoneos*]" = "iPhone Developer";
				DEVELOPMENT_TEAM = KNK3WJA66N;
				INFOPLIST_FILE = ChachaT/Info.plist;
				IPHONEOS_DEPLOYMENT_TARGET = 9.0;
				LD_RUNPATH_SEARCH_PATHS = "$(inherited) @executable_path/Frameworks";
				PRODUCT_BUNDLE_IDENTIFIER = com.Chacha.Shuffle;
				PRODUCT_NAME = "$(TARGET_NAME)";
				PROVISIONING_PROFILE = "980575bb-6b68-4c63-9bdf-19b17c71f53c";
				PROVISIONING_PROFILE_SPECIFIER = ShuffleDevelopmentProvisioningProfile;
				SWIFT_OBJC_BRIDGING_HEADER = "ChachaT/ChachaT-Bridging-Header.h";
				SWIFT_OPTIMIZATION_LEVEL = "-Onone";
				SWIFT_VERSION = 3.0;
			};
			name = "Debug(Staging)";
		};
		926108271CDBCA32009F3E86 /* Release */ = {
			isa = XCBuildConfiguration;
			baseConfigurationReference = 95775F81069424F8C55B7B25 /* Pods-Shuffles.release.xcconfig */;
			buildSettings = {
				ALWAYS_EMBED_SWIFT_STANDARD_LIBRARIES = YES;
				ASSETCATALOG_COMPILER_APPICON_NAME = AppIcon;
				CLANG_ENABLE_MODULES = YES;
				CODE_SIGN_ENTITLEMENTS = ChachaT/ChachaT.entitlements;
				CODE_SIGN_IDENTITY = "iPhone Distribution: Medici Holdings LLC (KNK3WJA66N)";
				"CODE_SIGN_IDENTITY[sdk=iphoneos*]" = "iPhone Distribution";
				DEVELOPMENT_TEAM = KNK3WJA66N;
				INFOPLIST_FILE = ChachaT/Info.plist;
				IPHONEOS_DEPLOYMENT_TARGET = 9.0;
				LD_RUNPATH_SEARCH_PATHS = "$(inherited) @executable_path/Frameworks";
				PRODUCT_BUNDLE_IDENTIFIER = com.Chacha.Shuffle;
				PRODUCT_NAME = "$(TARGET_NAME)";
				PROVISIONING_PROFILE = "27e5c8b3-bcee-48af-8b4e-3f910d6c2087";
				PROVISIONING_PROFILE_SPECIFIER = "Shuffle App";
				SWIFT_OBJC_BRIDGING_HEADER = "ChachaT/ChachaT-Bridging-Header.h";
				SWIFT_VERSION = 3.0;
			};
			name = Release;
		};
		928B8D741DBA559500D6B6D3 /* Debug(Production) */ = {
			isa = XCBuildConfiguration;
			buildSettings = {
				ALWAYS_SEARCH_USER_PATHS = NO;
				CLANG_ANALYZER_NONNULL = YES;
				CLANG_CXX_LANGUAGE_STANDARD = "gnu++0x";
				CLANG_CXX_LIBRARY = "libc++";
				CLANG_ENABLE_MODULES = YES;
				CLANG_ENABLE_OBJC_ARC = YES;
				CLANG_WARN_BOOL_CONVERSION = YES;
				CLANG_WARN_CONSTANT_CONVERSION = YES;
				CLANG_WARN_DIRECT_OBJC_ISA_USAGE = YES_ERROR;
				CLANG_WARN_EMPTY_BODY = YES;
				CLANG_WARN_ENUM_CONVERSION = YES;
				CLANG_WARN_INFINITE_RECURSION = YES;
				CLANG_WARN_INT_CONVERSION = YES;
				CLANG_WARN_OBJC_ROOT_CLASS = YES_ERROR;
				CLANG_WARN_SUSPICIOUS_MOVE = YES;
				CLANG_WARN_UNREACHABLE_CODE = YES;
				CLANG_WARN__DUPLICATE_METHOD_MATCH = YES;
				CODE_SIGN_IDENTITY = "iPhone Developer";
				"CODE_SIGN_IDENTITY[sdk=iphoneos*]" = "iPhone Developer";
				COPY_PHASE_STRIP = NO;
				DEBUG_INFORMATION_FORMAT = dwarf;
				ENABLE_STRICT_OBJC_MSGSEND = YES;
				ENABLE_TESTABILITY = YES;
				GCC_C_LANGUAGE_STANDARD = gnu99;
				GCC_DYNAMIC_NO_PIC = NO;
				GCC_NO_COMMON_BLOCKS = YES;
				GCC_OPTIMIZATION_LEVEL = 0;
				GCC_PREPROCESSOR_DEFINITIONS = (
					"DEBUG=1",
					"$(inherited)",
				);
				GCC_WARN_64_TO_32_BIT_CONVERSION = YES;
				GCC_WARN_ABOUT_RETURN_TYPE = YES_ERROR;
				GCC_WARN_UNDECLARED_SELECTOR = YES;
				GCC_WARN_UNINITIALIZED_AUTOS = YES_AGGRESSIVE;
				GCC_WARN_UNUSED_FUNCTION = YES;
				GCC_WARN_UNUSED_VARIABLE = YES;
				IPHONEOS_DEPLOYMENT_TARGET = 9.3;
				MTL_ENABLE_DEBUG_INFO = YES;
				ONLY_ACTIVE_ARCH = YES;
				SDKROOT = iphoneos;
				SWIFT_OPTIMIZATION_LEVEL = "-Onone";
			};
			name = "Debug(Production)";
		};
		928B8D751DBA559500D6B6D3 /* Debug(Production) */ = {
			isa = XCBuildConfiguration;
			baseConfigurationReference = 49472BCE7514485EBE58CA66 /* Pods-Shuffles.debug(production).xcconfig */;
			buildSettings = {
				ALWAYS_EMBED_SWIFT_STANDARD_LIBRARIES = YES;
				ASSETCATALOG_COMPILER_APPICON_NAME = AppIcon;
				CLANG_ENABLE_MODULES = YES;
				CODE_SIGN_ENTITLEMENTS = ChachaT/ChachaT.entitlements;
				CODE_SIGN_IDENTITY = "iPhone Distribution: Medici Holdings LLC (KNK3WJA66N)";
				"CODE_SIGN_IDENTITY[sdk=iphoneos*]" = "iPhone Developer";
				DEVELOPMENT_TEAM = KNK3WJA66N;
				INFOPLIST_FILE = ChachaT/Info.plist;
				IPHONEOS_DEPLOYMENT_TARGET = 9.0;
				LD_RUNPATH_SEARCH_PATHS = "$(inherited) @executable_path/Frameworks";
				PRODUCT_BUNDLE_IDENTIFIER = com.Chacha.Shuffle;
				PRODUCT_NAME = "$(TARGET_NAME)";
				PROVISIONING_PROFILE = "980575bb-6b68-4c63-9bdf-19b17c71f53c";
				PROVISIONING_PROFILE_SPECIFIER = ShuffleDevelopmentProvisioningProfile;
				SWIFT_OBJC_BRIDGING_HEADER = "ChachaT/ChachaT-Bridging-Header.h";
				SWIFT_OPTIMIZATION_LEVEL = "-Onone";
				SWIFT_VERSION = 3.0;
			};
			name = "Debug(Production)";
		};
/* End XCBuildConfiguration section */

/* Begin XCConfigurationList section */
		9261080E1CDBCA32009F3E86 /* Build configuration list for PBXProject "ChachaT" */ = {
			isa = XCConfigurationList;
			buildConfigurations = (
				926108231CDBCA32009F3E86 /* Debug(Staging) */,
				928B8D741DBA559500D6B6D3 /* Debug(Production) */,
				926108241CDBCA32009F3E86 /* Release */,
			);
			defaultConfigurationIsVisible = 0;
			defaultConfigurationName = Release;
		};
		926108251CDBCA32009F3E86 /* Build configuration list for PBXNativeTarget "Shuffles" */ = {
			isa = XCConfigurationList;
			buildConfigurations = (
				926108261CDBCA32009F3E86 /* Debug(Staging) */,
				928B8D751DBA559500D6B6D3 /* Debug(Production) */,
				926108271CDBCA32009F3E86 /* Release */,
			);
			defaultConfigurationIsVisible = 0;
			defaultConfigurationName = Release;
		};
/* End XCConfigurationList section */
	};
	rootObject = 9261080B1CDBCA32009F3E86 /* Project object */;
}
