// !$*UTF8*$!
{
	archiveVersion = 1;
	classes = {
	};
	objectVersion = 46;
	objects = {

/* Begin PBXBuildFile section */
		920BF8201D3FF5E300104842 /* CloseButton.swift in Sources */ = {isa = PBXBuildFile; fileRef = 920BF81B1D3FF5E300104842 /* CloseButton.swift */; };
		920BF8211D3FF5E300104842 /* Info.plist in Resources */ = {isa = PBXBuildFile; fileRef = 920BF81C1D3FF5E300104842 /* Info.plist */; };
		920BF8221D3FF5E300104842 /* TagListView.swift in Sources */ = {isa = PBXBuildFile; fileRef = 920BF81E1D3FF5E300104842 /* TagListView.swift */; };
		920BF8231D3FF5E300104842 /* TagView.swift in Sources */ = {isa = PBXBuildFile; fileRef = 920BF81F1D3FF5E300104842 /* TagView.swift */; };
		920BF8251D3FF63A00104842 /* SpecialtyTagView.swift in Sources */ = {isa = PBXBuildFile; fileRef = 920BF8241D3FF63A00104842 /* SpecialtyTagView.swift */; };
		920BF8271D415FC000104842 /* FilterQueryViewController.swift in Sources */ = {isa = PBXBuildFile; fileRef = 920BF8261D415FC000104842 /* FilterQueryViewController.swift */; };
		920BF8291D41DF9400104842 /* EditProfileViewController.swift in Sources */ = {isa = PBXBuildFile; fileRef = 920BF8281D41DF9400104842 /* EditProfileViewController.swift */; };
		920BF82B1D43167000104842 /* Match.swift in Sources */ = {isa = PBXBuildFile; fileRef = 920BF82A1D43167000104842 /* Match.swift */; };
		920BF8321D431CD000104842 /* MatchDataStore.swift in Sources */ = {isa = PBXBuildFile; fileRef = 920BF8311D431CD000104842 /* MatchDataStore.swift */; };
		920BF8341D432E2500104842 /* MatchesViewController.swift in Sources */ = {isa = PBXBuildFile; fileRef = 920BF8331D432E2500104842 /* MatchesViewController.swift */; };
		920BF8371D43346B00104842 /* Chat.swift in Sources */ = {isa = PBXBuildFile; fileRef = 920BF8361D43346B00104842 /* Chat.swift */; };
		920BF8391D4334DF00104842 /* ChatViewController.swift in Sources */ = {isa = PBXBuildFile; fileRef = 920BF8381D4334DF00104842 /* ChatViewController.swift */; };
		922C89841D4A07D500DE1373 /* ChachaTagDropDown.swift in Sources */ = {isa = PBXBuildFile; fileRef = 922C89831D4A07D500DE1373 /* ChachaTagDropDown.swift */; };
		922C89861D4B1F1D00DE1373 /* ScrollViewSearchView.xib in Resources */ = {isa = PBXBuildFile; fileRef = 922C89851D4B1F1D00DE1373 /* ScrollViewSearchView.xib */; };
		922C89881D4B1F6400DE1373 /* ScrollViewSearchView.swift in Sources */ = {isa = PBXBuildFile; fileRef = 922C89871D4B1F6400DE1373 /* ScrollViewSearchView.swift */; };
		922C89911D4C087E00DE1373 /* CustomBackgroundAnimationToSearchSegue.swift in Sources */ = {isa = PBXBuildFile; fileRef = 922C89901D4C087E00DE1373 /* CustomBackgroundAnimationToSearchSegue.swift */; };
		922C89931D4C460200DE1373 /* CustomTagsSearchBar.swift in Sources */ = {isa = PBXBuildFile; fileRef = 922C89921D4C460200DE1373 /* CustomTagsSearchBar.swift */; };
		922C89991D4D86C800DE1373 /* ChachaChoicesTagListView.swift in Sources */ = {isa = PBXBuildFile; fileRef = 922C89981D4D86C800DE1373 /* ChachaChoicesTagListView.swift */; };
		922C899B1D4D901E00DE1373 /* ChachaChosenTagListView.swift in Sources */ = {isa = PBXBuildFile; fileRef = 922C899A1D4D901E00DE1373 /* ChachaChosenTagListView.swift */; };
		926108171CDBCA32009F3E86 /* AppDelegate.swift in Sources */ = {isa = PBXBuildFile; fileRef = 926108161CDBCA32009F3E86 /* AppDelegate.swift */; };
		9261081C1CDBCA32009F3E86 /* Main.storyboard in Resources */ = {isa = PBXBuildFile; fileRef = 9261081A1CDBCA32009F3E86 /* Main.storyboard */; };
		9261081E1CDBCA32009F3E86 /* Assets.xcassets in Resources */ = {isa = PBXBuildFile; fileRef = 9261081D1CDBCA32009F3E86 /* Assets.xcassets */; };
		926108211CDBCA32009F3E86 /* LaunchScreen.storyboard in Resources */ = {isa = PBXBuildFile; fileRef = 9261081F1CDBCA32009F3E86 /* LaunchScreen.storyboard */; };
		926108291CE255ED009F3E86 /* CustomKolodaView.swift in Sources */ = {isa = PBXBuildFile; fileRef = 926108281CE255ED009F3E86 /* CustomKolodaView.swift */; };
		9261082B1CE257AE009F3E86 /* BackgroundAnimationViewController.swift in Sources */ = {isa = PBXBuildFile; fileRef = 9261082A1CE257AE009F3E86 /* BackgroundAnimationViewController.swift */; };
		9261082D1CE25994009F3E86 /* CustomCardView.swift in Sources */ = {isa = PBXBuildFile; fileRef = 9261082C1CE25994009F3E86 /* CustomCardView.swift */; };
		9261082F1CE25B74009F3E86 /* CustomCardView.xib in Resources */ = {isa = PBXBuildFile; fileRef = 9261082E1CE25B74009F3E86 /* CustomCardView.xib */; };
		926108311CE25B84009F3E86 /* CustomOverlayView.xib in Resources */ = {isa = PBXBuildFile; fileRef = 926108301CE25B84009F3E86 /* CustomOverlayView.xib */; };
		926108331CE25C22009F3E86 /* woosh.wav in Resources */ = {isa = PBXBuildFile; fileRef = 926108321CE25C22009F3E86 /* woosh.wav */; };
		926108351CE25C5E009F3E86 /* CustomOverlayView.swift in Sources */ = {isa = PBXBuildFile; fileRef = 926108341CE25C5E009F3E86 /* CustomOverlayView.swift */; };
		9261083E1CE4F8E3009F3E86 /* globals.swift in Sources */ = {isa = PBXBuildFile; fileRef = 9261083D1CE4F8E3009F3E86 /* globals.swift */; };
		926108411CE50661009F3E86 /* MagicMoveExt.swift in Sources */ = {isa = PBXBuildFile; fileRef = 926108401CE50661009F3E86 /* MagicMoveExt.swift */; };
		926108441CE5066F009F3E86 /* UIViewExt.swift in Sources */ = {isa = PBXBuildFile; fileRef = 926108421CE5066F009F3E86 /* UIViewExt.swift */; };
		926108451CE5066F009F3E86 /* UIGestureRecognizerExt.swift in Sources */ = {isa = PBXBuildFile; fileRef = 926108431CE5066F009F3E86 /* UIGestureRecognizerExt.swift */; };
		926108471CE50755009F3E86 /* MagicMove.swift in Sources */ = {isa = PBXBuildFile; fileRef = 926108461CE50755009F3E86 /* MagicMove.swift */; };
		926108491CE5079E009F3E86 /* CustomTransitionExamples.swift in Sources */ = {isa = PBXBuildFile; fileRef = 926108481CE5079E009F3E86 /* CustomTransitionExamples.swift */; };
		9261084B1CE50816009F3E86 /* CardDetailViewController.swift in Sources */ = {isa = PBXBuildFile; fileRef = 9261084A1CE50816009F3E86 /* CardDetailViewController.swift */; };
		926108551CEA0EA6009F3E86 /* Onboarding.storyboard in Resources */ = {isa = PBXBuildFile; fileRef = 926108541CEA0EA6009F3E86 /* Onboarding.storyboard */; };
		926108571CEA0EC0009F3E86 /* SignUpLogInViewController.swift in Sources */ = {isa = PBXBuildFile; fileRef = 926108561CEA0EC0009F3E86 /* SignUpLogInViewController.swift */; };
		926108591CEA11B9009F3E86 /* Alert.swift in Sources */ = {isa = PBXBuildFile; fileRef = 926108581CEA11B9009F3E86 /* Alert.swift */; };
		9261085C1CEA196C009F3E86 /* User.swift in Sources */ = {isa = PBXBuildFile; fileRef = 9261085B1CEA196C009F3E86 /* User.swift */; };
		9273B79B1CFF4D010001A608 /* Filtering.storyboard in Resources */ = {isa = PBXBuildFile; fileRef = 9273B79A1CFF4D010001A608 /* Filtering.storyboard */; };
		928819361D18E78B000A8E04 /* FilterTagViewController.swift in Sources */ = {isa = PBXBuildFile; fileRef = 928819351D18E78B000A8E04 /* FilterTagViewController.swift */; };
		9288193B1D1AE588000A8E04 /* StackViewTagButtons.swift in Sources */ = {isa = PBXBuildFile; fileRef = 9288193A1D1AE588000A8E04 /* StackViewTagButtons.swift */; };
		9288193F1D1C2DEB000A8E04 /* DistanceSliderView.swift in Sources */ = {isa = PBXBuildFile; fileRef = 9288193E1D1C2DEB000A8E04 /* DistanceSliderView.swift */; };
		928819431D1C42B0000A8E04 /* AgeDoubleRangeSliderView.swift in Sources */ = {isa = PBXBuildFile; fileRef = 928819421D1C42B0000A8E04 /* AgeDoubleRangeSliderView.swift */; };
		928819461D286CA8000A8E04 /* Profile.storyboard in Resources */ = {isa = PBXBuildFile; fileRef = 928819451D286CA8000A8E04 /* Profile.storyboard */; };
		928819481D2874D8000A8E04 /* AddingTagsToProfileViewController.swift in Sources */ = {isa = PBXBuildFile; fileRef = 928819471D2874D8000A8E04 /* AddingTagsToProfileViewController.swift */; };
		9288194A1D2A1C26000A8E04 /* ProfileIndexViewController.swift in Sources */ = {isa = PBXBuildFile; fileRef = 928819491D2A1C26000A8E04 /* ProfileIndexViewController.swift */; };
		9288194C1D2BDCFC000A8E04 /* Tag.swift in Sources */ = {isa = PBXBuildFile; fileRef = 9288194B1D2BDCFC000A8E04 /* Tag.swift */; };
		928819571D2DFC45000A8E04 /* SpecialtyTagEnviromentHolderView.swift in Sources */ = {isa = PBXBuildFile; fileRef = 928819561D2DFC45000A8E04 /* SpecialtyTagEnviromentHolderView.swift */; };
		929A71DB1CEB935E000C9549 /* DatePickerDialog.swift in Sources */ = {isa = PBXBuildFile; fileRef = 929A71DA1CEB935E000C9549 /* DatePickerDialog.swift */; };
		929A71E31CEBBCAF000C9549 /* UserDetailPopUpViewController.swift in Sources */ = {isa = PBXBuildFile; fileRef = 929A71E21CEBBCAF000C9549 /* UserDetailPopUpViewController.swift */; };
		929FDB811CFA6F0400ACE474 /* PopUp.storyboard in Resources */ = {isa = PBXBuildFile; fileRef = 929FDB7F1CFA6F0400ACE474 /* PopUp.storyboard */; };
		929FDB831CFA705C00ACE474 /* BottomPicturePopUpViewController.swift in Sources */ = {isa = PBXBuildFile; fileRef = 929FDB821CFA705C00ACE474 /* BottomPicturePopUpViewController.swift */; };
		929FDB851CFA7AE100ACE474 /* UIImageExtension.swift in Sources */ = {isa = PBXBuildFile; fileRef = 929FDB841CFA7AE100ACE474 /* UIImageExtension.swift */; };
		92B02ABA1D46F49D00624716 /* ChachaNavigationViewController.swift in Sources */ = {isa = PBXBuildFile; fileRef = 92B02AB91D46F49D00624716 /* ChachaNavigationViewController.swift */; };
		92B8DF291CE9356000AFA518 /* AudioToolbox.framework in Frameworks */ = {isa = PBXBuildFile; fileRef = 92B8DF281CE9356000AFA518 /* AudioToolbox.framework */; };
		92B8DF2B1CE9356700AFA518 /* CFNetwork.framework in Frameworks */ = {isa = PBXBuildFile; fileRef = 92B8DF2A1CE9356700AFA518 /* CFNetwork.framework */; };
		92B8DF2D1CE9356E00AFA518 /* CoreGraphics.framework in Frameworks */ = {isa = PBXBuildFile; fileRef = 92B8DF2C1CE9356E00AFA518 /* CoreGraphics.framework */; };
		92B8DF2F1CE9357500AFA518 /* CoreLocation.framework in Frameworks */ = {isa = PBXBuildFile; fileRef = 92B8DF2E1CE9357500AFA518 /* CoreLocation.framework */; };
		92B8DF311CE9357E00AFA518 /* QuartzCore.framework in Frameworks */ = {isa = PBXBuildFile; fileRef = 92B8DF301CE9357E00AFA518 /* QuartzCore.framework */; };
		92B8DF331CE9358A00AFA518 /* Security.framework in Frameworks */ = {isa = PBXBuildFile; fileRef = 92B8DF321CE9358A00AFA518 /* Security.framework */; };
		92B8DF351CE9359100AFA518 /* StoreKit.framework in Frameworks */ = {isa = PBXBuildFile; fileRef = 92B8DF341CE9359100AFA518 /* StoreKit.framework */; };
		92B8DF371CE9359B00AFA518 /* SystemConfiguration.framework in Frameworks */ = {isa = PBXBuildFile; fileRef = 92B8DF361CE9359B00AFA518 /* SystemConfiguration.framework */; };
		92B8DF391CE935AA00AFA518 /* libz.tbd in Frameworks */ = {isa = PBXBuildFile; fileRef = 92B8DF381CE935AA00AFA518 /* libz.tbd */; };
		92B8DF3B1CE935B500AFA518 /* libsqlite3.tbd in Frameworks */ = {isa = PBXBuildFile; fileRef = 92B8DF3A1CE935B500AFA518 /* libsqlite3.tbd */; };
		92CEC1121D37F8DE005BD321 /* TagEnums.swift in Sources */ = {isa = PBXBuildFile; fileRef = 92CEC1111D37F8DE005BD321 /* TagEnums.swift */; };
		92E59B041CF52CD100B0B1A4 /* PageMainViewController.swift in Sources */ = {isa = PBXBuildFile; fileRef = 92E59B031CF52CD100B0B1A4 /* PageMainViewController.swift */; };
		92E59B091CF67DF300B0B1A4 /* PopUpSuperViewController.swift in Sources */ = {isa = PBXBuildFile; fileRef = 92E59B081CF67DF300B0B1A4 /* PopUpSuperViewController.swift */; };
		F655E776EC943B06E5A8E4F3 /* Pods_ChachaT.framework in Frameworks */ = {isa = PBXBuildFile; fileRef = 9430010B2BFBE69283C52C6B /* Pods_ChachaT.framework */; };
/* End PBXBuildFile section */

/* Begin PBXFileReference section */
		162090DFB081217222A2CCC6 /* Pods-ChachaT.debug.xcconfig */ = {isa = PBXFileReference; includeInIndex = 1; lastKnownFileType = text.xcconfig; name = "Pods-ChachaT.debug.xcconfig"; path = "Pods/Target Support Files/Pods-ChachaT/Pods-ChachaT.debug.xcconfig"; sourceTree = "<group>"; };
		920BF81B1D3FF5E300104842 /* CloseButton.swift */ = {isa = PBXFileReference; fileEncoding = 4; lastKnownFileType = sourcecode.swift; path = CloseButton.swift; sourceTree = "<group>"; };
		920BF81C1D3FF5E300104842 /* Info.plist */ = {isa = PBXFileReference; fileEncoding = 4; lastKnownFileType = text.plist.xml; path = Info.plist; sourceTree = "<group>"; };
		920BF81D1D3FF5E300104842 /* TagListView.h */ = {isa = PBXFileReference; fileEncoding = 4; lastKnownFileType = sourcecode.c.h; path = TagListView.h; sourceTree = "<group>"; };
		920BF81E1D3FF5E300104842 /* TagListView.swift */ = {isa = PBXFileReference; fileEncoding = 4; lastKnownFileType = sourcecode.swift; path = TagListView.swift; sourceTree = "<group>"; };
		920BF81F1D3FF5E300104842 /* TagView.swift */ = {isa = PBXFileReference; fileEncoding = 4; lastKnownFileType = sourcecode.swift; path = TagView.swift; sourceTree = "<group>"; };
		920BF8241D3FF63A00104842 /* SpecialtyTagView.swift */ = {isa = PBXFileReference; fileEncoding = 4; lastKnownFileType = sourcecode.swift; path = SpecialtyTagView.swift; sourceTree = "<group>"; };
		920BF8261D415FC000104842 /* FilterQueryViewController.swift */ = {isa = PBXFileReference; fileEncoding = 4; lastKnownFileType = sourcecode.swift; path = FilterQueryViewController.swift; sourceTree = "<group>"; };
		920BF8281D41DF9400104842 /* EditProfileViewController.swift */ = {isa = PBXFileReference; fileEncoding = 4; lastKnownFileType = sourcecode.swift; path = EditProfileViewController.swift; sourceTree = "<group>"; };
		920BF82A1D43167000104842 /* Match.swift */ = {isa = PBXFileReference; fileEncoding = 4; lastKnownFileType = sourcecode.swift; path = Match.swift; sourceTree = "<group>"; };
		920BF8311D431CD000104842 /* MatchDataStore.swift */ = {isa = PBXFileReference; fileEncoding = 4; lastKnownFileType = sourcecode.swift; path = MatchDataStore.swift; sourceTree = "<group>"; };
		920BF8331D432E2500104842 /* MatchesViewController.swift */ = {isa = PBXFileReference; fileEncoding = 4; lastKnownFileType = sourcecode.swift; path = MatchesViewController.swift; sourceTree = "<group>"; };
		920BF8361D43346B00104842 /* Chat.swift */ = {isa = PBXFileReference; fileEncoding = 4; lastKnownFileType = sourcecode.swift; path = Chat.swift; sourceTree = "<group>"; };
		920BF8381D4334DF00104842 /* ChatViewController.swift */ = {isa = PBXFileReference; fileEncoding = 4; lastKnownFileType = sourcecode.swift; path = ChatViewController.swift; sourceTree = "<group>"; };
		922C89831D4A07D500DE1373 /* ChachaTagDropDown.swift */ = {isa = PBXFileReference; fileEncoding = 4; lastKnownFileType = sourcecode.swift; path = ChachaTagDropDown.swift; sourceTree = "<group>"; };
		922C89851D4B1F1D00DE1373 /* ScrollViewSearchView.xib */ = {isa = PBXFileReference; fileEncoding = 4; lastKnownFileType = file.xib; path = ScrollViewSearchView.xib; sourceTree = "<group>"; };
		922C89871D4B1F6400DE1373 /* ScrollViewSearchView.swift */ = {isa = PBXFileReference; fileEncoding = 4; lastKnownFileType = sourcecode.swift; path = ScrollViewSearchView.swift; sourceTree = "<group>"; };
		922C89901D4C087E00DE1373 /* CustomBackgroundAnimationToSearchSegue.swift */ = {isa = PBXFileReference; fileEncoding = 4; lastKnownFileType = sourcecode.swift; path = CustomBackgroundAnimationToSearchSegue.swift; sourceTree = "<group>"; };
		922C89921D4C460200DE1373 /* CustomTagsSearchBar.swift */ = {isa = PBXFileReference; fileEncoding = 4; lastKnownFileType = sourcecode.swift; path = CustomTagsSearchBar.swift; sourceTree = "<group>"; };
		922C89981D4D86C800DE1373 /* ChachaChoicesTagListView.swift */ = {isa = PBXFileReference; fileEncoding = 4; lastKnownFileType = sourcecode.swift; path = ChachaChoicesTagListView.swift; sourceTree = "<group>"; };
		922C899A1D4D901E00DE1373 /* ChachaChosenTagListView.swift */ = {isa = PBXFileReference; fileEncoding = 4; lastKnownFileType = sourcecode.swift; path = ChachaChosenTagListView.swift; sourceTree = "<group>"; };
		926108131CDBCA32009F3E86 /* ChachaT.app */ = {isa = PBXFileReference; explicitFileType = wrapper.application; includeInIndex = 0; path = ChachaT.app; sourceTree = BUILT_PRODUCTS_DIR; };
		926108161CDBCA32009F3E86 /* AppDelegate.swift */ = {isa = PBXFileReference; lastKnownFileType = sourcecode.swift; path = AppDelegate.swift; sourceTree = "<group>"; };
		9261081B1CDBCA32009F3E86 /* Base */ = {isa = PBXFileReference; lastKnownFileType = file.storyboard; name = Base; path = Base.lproj/Main.storyboard; sourceTree = "<group>"; };
		9261081D1CDBCA32009F3E86 /* Assets.xcassets */ = {isa = PBXFileReference; lastKnownFileType = folder.assetcatalog; name = Assets.xcassets; path = ChachaT/Assets.xcassets; sourceTree = "<group>"; };
		926108201CDBCA32009F3E86 /* Base */ = {isa = PBXFileReference; lastKnownFileType = file.storyboard; name = Base; path = Base.lproj/LaunchScreen.storyboard; sourceTree = "<group>"; };
		926108221CDBCA32009F3E86 /* Info.plist */ = {isa = PBXFileReference; lastKnownFileType = text.plist.xml; path = Info.plist; sourceTree = "<group>"; };
		926108281CE255ED009F3E86 /* CustomKolodaView.swift */ = {isa = PBXFileReference; fileEncoding = 4; lastKnownFileType = sourcecode.swift; path = CustomKolodaView.swift; sourceTree = "<group>"; };
		9261082A1CE257AE009F3E86 /* BackgroundAnimationViewController.swift */ = {isa = PBXFileReference; fileEncoding = 4; lastKnownFileType = sourcecode.swift; path = BackgroundAnimationViewController.swift; sourceTree = "<group>"; };
		9261082C1CE25994009F3E86 /* CustomCardView.swift */ = {isa = PBXFileReference; fileEncoding = 4; lastKnownFileType = sourcecode.swift; path = CustomCardView.swift; sourceTree = "<group>"; };
		9261082E1CE25B74009F3E86 /* CustomCardView.xib */ = {isa = PBXFileReference; fileEncoding = 4; lastKnownFileType = file.xib; path = CustomCardView.xib; sourceTree = "<group>"; };
		926108301CE25B84009F3E86 /* CustomOverlayView.xib */ = {isa = PBXFileReference; fileEncoding = 4; lastKnownFileType = file.xib; path = CustomOverlayView.xib; sourceTree = "<group>"; };
		926108321CE25C22009F3E86 /* woosh.wav */ = {isa = PBXFileReference; lastKnownFileType = audio.wav; path = woosh.wav; sourceTree = "<group>"; };
		926108341CE25C5E009F3E86 /* CustomOverlayView.swift */ = {isa = PBXFileReference; fileEncoding = 4; lastKnownFileType = sourcecode.swift; path = CustomOverlayView.swift; sourceTree = "<group>"; };
		9261083D1CE4F8E3009F3E86 /* globals.swift */ = {isa = PBXFileReference; fileEncoding = 4; lastKnownFileType = sourcecode.swift; path = globals.swift; sourceTree = "<group>"; };
		926108401CE50661009F3E86 /* MagicMoveExt.swift */ = {isa = PBXFileReference; fileEncoding = 4; lastKnownFileType = sourcecode.swift; path = MagicMoveExt.swift; sourceTree = "<group>"; };
		926108421CE5066F009F3E86 /* UIViewExt.swift */ = {isa = PBXFileReference; fileEncoding = 4; lastKnownFileType = sourcecode.swift; path = UIViewExt.swift; sourceTree = "<group>"; };
		926108431CE5066F009F3E86 /* UIGestureRecognizerExt.swift */ = {isa = PBXFileReference; fileEncoding = 4; lastKnownFileType = sourcecode.swift; path = UIGestureRecognizerExt.swift; sourceTree = "<group>"; };
		926108461CE50755009F3E86 /* MagicMove.swift */ = {isa = PBXFileReference; fileEncoding = 4; lastKnownFileType = sourcecode.swift; path = MagicMove.swift; sourceTree = "<group>"; };
		926108481CE5079E009F3E86 /* CustomTransitionExamples.swift */ = {isa = PBXFileReference; fileEncoding = 4; lastKnownFileType = sourcecode.swift; path = CustomTransitionExamples.swift; sourceTree = "<group>"; };
		9261084A1CE50816009F3E86 /* CardDetailViewController.swift */ = {isa = PBXFileReference; fileEncoding = 4; lastKnownFileType = sourcecode.swift; path = CardDetailViewController.swift; sourceTree = "<group>"; };
		926108541CEA0EA6009F3E86 /* Onboarding.storyboard */ = {isa = PBXFileReference; fileEncoding = 4; lastKnownFileType = file.storyboard; path = Onboarding.storyboard; sourceTree = "<group>"; };
		926108561CEA0EC0009F3E86 /* SignUpLogInViewController.swift */ = {isa = PBXFileReference; fileEncoding = 4; lastKnownFileType = sourcecode.swift; path = SignUpLogInViewController.swift; sourceTree = "<group>"; };
		926108581CEA11B9009F3E86 /* Alert.swift */ = {isa = PBXFileReference; fileEncoding = 4; lastKnownFileType = sourcecode.swift; path = Alert.swift; sourceTree = "<group>"; };
		9261085B1CEA196C009F3E86 /* User.swift */ = {isa = PBXFileReference; fileEncoding = 4; lastKnownFileType = sourcecode.swift; path = User.swift; sourceTree = "<group>"; };
		926185F01D46CC4700F25A79 /* ChachaT-Bridging-Header.h */ = {isa = PBXFileReference; lastKnownFileType = sourcecode.c.h; path = "ChachaT-Bridging-Header.h"; sourceTree = "<group>"; };
		9273B79A1CFF4D010001A608 /* Filtering.storyboard */ = {isa = PBXFileReference; fileEncoding = 4; lastKnownFileType = file.storyboard; path = Filtering.storyboard; sourceTree = "<group>"; };
		928819351D18E78B000A8E04 /* FilterTagViewController.swift */ = {isa = PBXFileReference; fileEncoding = 4; lastKnownFileType = sourcecode.swift; path = FilterTagViewController.swift; sourceTree = "<group>"; };
		9288193A1D1AE588000A8E04 /* StackViewTagButtons.swift */ = {isa = PBXFileReference; fileEncoding = 4; lastKnownFileType = sourcecode.swift; path = StackViewTagButtons.swift; sourceTree = "<group>"; };
		9288193E1D1C2DEB000A8E04 /* DistanceSliderView.swift */ = {isa = PBXFileReference; fileEncoding = 4; lastKnownFileType = sourcecode.swift; path = DistanceSliderView.swift; sourceTree = "<group>"; };
		928819421D1C42B0000A8E04 /* AgeDoubleRangeSliderView.swift */ = {isa = PBXFileReference; fileEncoding = 4; lastKnownFileType = sourcecode.swift; path = AgeDoubleRangeSliderView.swift; sourceTree = "<group>"; };
		928819451D286CA8000A8E04 /* Profile.storyboard */ = {isa = PBXFileReference; fileEncoding = 4; lastKnownFileType = file.storyboard; path = Profile.storyboard; sourceTree = "<group>"; };
		928819471D2874D8000A8E04 /* AddingTagsToProfileViewController.swift */ = {isa = PBXFileReference; fileEncoding = 4; lastKnownFileType = sourcecode.swift; path = AddingTagsToProfileViewController.swift; sourceTree = "<group>"; };
		928819491D2A1C26000A8E04 /* ProfileIndexViewController.swift */ = {isa = PBXFileReference; fileEncoding = 4; lastKnownFileType = sourcecode.swift; path = ProfileIndexViewController.swift; sourceTree = "<group>"; };
		9288194B1D2BDCFC000A8E04 /* Tag.swift */ = {isa = PBXFileReference; fileEncoding = 4; lastKnownFileType = sourcecode.swift; path = Tag.swift; sourceTree = "<group>"; };
		928819561D2DFC45000A8E04 /* SpecialtyTagEnviromentHolderView.swift */ = {isa = PBXFileReference; fileEncoding = 4; lastKnownFileType = sourcecode.swift; path = SpecialtyTagEnviromentHolderView.swift; sourceTree = "<group>"; };
		929A71DA1CEB935E000C9549 /* DatePickerDialog.swift */ = {isa = PBXFileReference; fileEncoding = 4; lastKnownFileType = sourcecode.swift; path = DatePickerDialog.swift; sourceTree = "<group>"; };
		929A71E21CEBBCAF000C9549 /* UserDetailPopUpViewController.swift */ = {isa = PBXFileReference; fileEncoding = 4; lastKnownFileType = sourcecode.swift; path = UserDetailPopUpViewController.swift; sourceTree = "<group>"; };
		929FDB801CFA6F0400ACE474 /* Base */ = {isa = PBXFileReference; lastKnownFileType = file.storyboard; name = Base; path = Base.lproj/PopUp.storyboard; sourceTree = "<group>"; };
		929FDB821CFA705C00ACE474 /* BottomPicturePopUpViewController.swift */ = {isa = PBXFileReference; fileEncoding = 4; lastKnownFileType = sourcecode.swift; path = BottomPicturePopUpViewController.swift; sourceTree = "<group>"; };
		929FDB841CFA7AE100ACE474 /* UIImageExtension.swift */ = {isa = PBXFileReference; fileEncoding = 4; lastKnownFileType = sourcecode.swift; path = UIImageExtension.swift; sourceTree = "<group>"; };
		92B02AB91D46F49D00624716 /* ChachaNavigationViewController.swift */ = {isa = PBXFileReference; fileEncoding = 4; lastKnownFileType = sourcecode.swift; path = ChachaNavigationViewController.swift; sourceTree = "<group>"; };
		92B8DF281CE9356000AFA518 /* AudioToolbox.framework */ = {isa = PBXFileReference; lastKnownFileType = wrapper.framework; name = AudioToolbox.framework; path = System/Library/Frameworks/AudioToolbox.framework; sourceTree = SDKROOT; };
		92B8DF2A1CE9356700AFA518 /* CFNetwork.framework */ = {isa = PBXFileReference; lastKnownFileType = wrapper.framework; name = CFNetwork.framework; path = System/Library/Frameworks/CFNetwork.framework; sourceTree = SDKROOT; };
		92B8DF2C1CE9356E00AFA518 /* CoreGraphics.framework */ = {isa = PBXFileReference; lastKnownFileType = wrapper.framework; name = CoreGraphics.framework; path = System/Library/Frameworks/CoreGraphics.framework; sourceTree = SDKROOT; };
		92B8DF2E1CE9357500AFA518 /* CoreLocation.framework */ = {isa = PBXFileReference; lastKnownFileType = wrapper.framework; name = CoreLocation.framework; path = System/Library/Frameworks/CoreLocation.framework; sourceTree = SDKROOT; };
		92B8DF301CE9357E00AFA518 /* QuartzCore.framework */ = {isa = PBXFileReference; lastKnownFileType = wrapper.framework; name = QuartzCore.framework; path = System/Library/Frameworks/QuartzCore.framework; sourceTree = SDKROOT; };
		92B8DF321CE9358A00AFA518 /* Security.framework */ = {isa = PBXFileReference; lastKnownFileType = wrapper.framework; name = Security.framework; path = System/Library/Frameworks/Security.framework; sourceTree = SDKROOT; };
		92B8DF341CE9359100AFA518 /* StoreKit.framework */ = {isa = PBXFileReference; lastKnownFileType = wrapper.framework; name = StoreKit.framework; path = System/Library/Frameworks/StoreKit.framework; sourceTree = SDKROOT; };
		92B8DF361CE9359B00AFA518 /* SystemConfiguration.framework */ = {isa = PBXFileReference; lastKnownFileType = wrapper.framework; name = SystemConfiguration.framework; path = System/Library/Frameworks/SystemConfiguration.framework; sourceTree = SDKROOT; };
		92B8DF381CE935AA00AFA518 /* libz.tbd */ = {isa = PBXFileReference; lastKnownFileType = "sourcecode.text-based-dylib-definition"; name = libz.tbd; path = usr/lib/libz.tbd; sourceTree = SDKROOT; };
		92B8DF3A1CE935B500AFA518 /* libsqlite3.tbd */ = {isa = PBXFileReference; lastKnownFileType = "sourcecode.text-based-dylib-definition"; name = libsqlite3.tbd; path = usr/lib/libsqlite3.tbd; sourceTree = SDKROOT; };
		92CEC1111D37F8DE005BD321 /* TagEnums.swift */ = {isa = PBXFileReference; fileEncoding = 4; lastKnownFileType = sourcecode.swift; name = TagEnums.swift; path = ../TagEnums.swift; sourceTree = "<group>"; };
		92E59B031CF52CD100B0B1A4 /* PageMainViewController.swift */ = {isa = PBXFileReference; fileEncoding = 4; lastKnownFileType = sourcecode.swift; path = PageMainViewController.swift; sourceTree = "<group>"; };
		92E59B081CF67DF300B0B1A4 /* PopUpSuperViewController.swift */ = {isa = PBXFileReference; fileEncoding = 4; lastKnownFileType = sourcecode.swift; path = PopUpSuperViewController.swift; sourceTree = "<group>"; };
		9430010B2BFBE69283C52C6B /* Pods_ChachaT.framework */ = {isa = PBXFileReference; explicitFileType = wrapper.framework; includeInIndex = 0; path = Pods_ChachaT.framework; sourceTree = BUILT_PRODUCTS_DIR; };
		B01750B5B900A56471484C28 /* Pods-ChachaT.release.xcconfig */ = {isa = PBXFileReference; includeInIndex = 1; lastKnownFileType = text.xcconfig; name = "Pods-ChachaT.release.xcconfig"; path = "Pods/Target Support Files/Pods-ChachaT/Pods-ChachaT.release.xcconfig"; sourceTree = "<group>"; };
/* End PBXFileReference section */

/* Begin PBXFrameworksBuildPhase section */
		926108101CDBCA32009F3E86 /* Frameworks */ = {
			isa = PBXFrameworksBuildPhase;
			buildActionMask = 2147483647;
			files = (
				92B8DF3B1CE935B500AFA518 /* libsqlite3.tbd in Frameworks */,
				92B8DF391CE935AA00AFA518 /* libz.tbd in Frameworks */,
				92B8DF371CE9359B00AFA518 /* SystemConfiguration.framework in Frameworks */,
				92B8DF351CE9359100AFA518 /* StoreKit.framework in Frameworks */,
				92B8DF331CE9358A00AFA518 /* Security.framework in Frameworks */,
				92B8DF311CE9357E00AFA518 /* QuartzCore.framework in Frameworks */,
				92B8DF2F1CE9357500AFA518 /* CoreLocation.framework in Frameworks */,
				92B8DF2D1CE9356E00AFA518 /* CoreGraphics.framework in Frameworks */,
				92B8DF2B1CE9356700AFA518 /* CFNetwork.framework in Frameworks */,
				92B8DF291CE9356000AFA518 /* AudioToolbox.framework in Frameworks */,
				F655E776EC943B06E5A8E4F3 /* Pods_ChachaT.framework in Frameworks */,
			);
			runOnlyForDeploymentPostprocessing = 0;
		};
/* End PBXFrameworksBuildPhase section */

/* Begin PBXGroup section */
		5651C15A164084F13922B25B /* Frameworks */ = {
			isa = PBXGroup;
			children = (
				92B8DF3A1CE935B500AFA518 /* libsqlite3.tbd */,
				92B8DF381CE935AA00AFA518 /* libz.tbd */,
				92B8DF361CE9359B00AFA518 /* SystemConfiguration.framework */,
				92B8DF341CE9359100AFA518 /* StoreKit.framework */,
				92B8DF321CE9358A00AFA518 /* Security.framework */,
				92B8DF301CE9357E00AFA518 /* QuartzCore.framework */,
				92B8DF2E1CE9357500AFA518 /* CoreLocation.framework */,
				92B8DF2C1CE9356E00AFA518 /* CoreGraphics.framework */,
				92B8DF2A1CE9356700AFA518 /* CFNetwork.framework */,
				92B8DF281CE9356000AFA518 /* AudioToolbox.framework */,
				9430010B2BFBE69283C52C6B /* Pods_ChachaT.framework */,
			);
			name = Frameworks;
			sourceTree = "<group>";
		};
		920BF81A1D3FF5E300104842 /* TagListView */ = {
			isa = PBXGroup;
			children = (
				920BF81B1D3FF5E300104842 /* CloseButton.swift */,
				920BF81C1D3FF5E300104842 /* Info.plist */,
				920BF81D1D3FF5E300104842 /* TagListView.h */,
				920BF81E1D3FF5E300104842 /* TagListView.swift */,
				920BF81F1D3FF5E300104842 /* TagView.swift */,
				920BF8241D3FF63A00104842 /* SpecialtyTagView.swift */,
				92CEC1111D37F8DE005BD321 /* TagEnums.swift */,
				922C89981D4D86C800DE1373 /* ChachaChoicesTagListView.swift */,
				922C899A1D4D901E00DE1373 /* ChachaChosenTagListView.swift */,
			);
			path = TagListView;
			sourceTree = "<group>";
		};
		920BF82C1D431C5E00104842 /* Matching */ = {
			isa = PBXGroup;
			children = (
				920BF8331D432E2500104842 /* MatchesViewController.swift */,
				920BF8311D431CD000104842 /* MatchDataStore.swift */,
			);
			name = Matching;
			sourceTree = "<group>";
		};
		920BF8351D4333CA00104842 /* Messaging */ = {
			isa = PBXGroup;
			children = (
				920BF8381D4334DF00104842 /* ChatViewController.swift */,
			);
			name = Messaging;
			sourceTree = "<group>";
		};
		922C898F1D4C080F00DE1373 /* Custom Segues */ = {
			isa = PBXGroup;
			children = (
				922C89901D4C087E00DE1373 /* CustomBackgroundAnimationToSearchSegue.swift */,
			);
			name = "Custom Segues";
			sourceTree = "<group>";
		};
		9261080A1CDBCA32009F3E86 = {
			isa = PBXGroup;
			children = (
				926108151CDBCA32009F3E86 /* ChachaT */,
				9261081D1CDBCA32009F3E86 /* Assets.xcassets */,
				926108141CDBCA32009F3E86 /* Products */,
				5651C15A164084F13922B25B /* Frameworks */,
				BFA60E1891DF6F443D90FC3D /* Pods */,
			);
			sourceTree = "<group>";
		};
		926108141CDBCA32009F3E86 /* Products */ = {
			isa = PBXGroup;
			children = (
				926108131CDBCA32009F3E86 /* ChachaT.app */,
			);
			name = Products;
			sourceTree = "<group>";
		};
		926108151CDBCA32009F3E86 /* ChachaT */ = {
			isa = PBXGroup;
			children = (
				922C898F1D4C080F00DE1373 /* Custom Segues */,
				926108531CEA0E95009F3E86 /* Onboarding */,
				928819441D286C70000A8E04 /* Profile */,
				920BF8351D4333CA00104842 /* Messaging */,
				920BF82C1D431C5E00104842 /* Matching */,
				9273B7991CFF491D0001A608 /* 8tracks Filtering Search */,
				926108391CE4EDA0009F3E86 /* Tinder */,
				926108161CDBCA32009F3E86 /* AppDelegate.swift */,
				9261081F1CDBCA32009F3E86 /* LaunchScreen.storyboard */,
				926108221CDBCA32009F3E86 /* Info.plist */,
				9288194D1D2BECC8000A8E04 /* Navigation/PageView Controllers */,
				9261085A1CEA1939009F3E86 /* Models */,
				9261083C1CE4F8D5009F3E86 /* Globals/Helper Files */,
				9261083B1CE4EDF7009F3E86 /* sounds */,
				926185F01D46CC4700F25A79 /* ChachaT-Bridging-Header.h */,
			);
			path = ChachaT;
			sourceTree = "<group>";
		};
		926108391CE4EDA0009F3E86 /* Tinder */ = {
			isa = PBXGroup;
			children = (
				92E59B051CF677FD00B0B1A4 /* Pop Ups */,
				9261083A1CE4EDC4009F3E86 /* subviews/xibs */,
				929A71E51CECDF4C000C9549 /* Koloda */,
				9261082A1CE257AE009F3E86 /* BackgroundAnimationViewController.swift */,
				9261084A1CE50816009F3E86 /* CardDetailViewController.swift */,
				9261081A1CDBCA32009F3E86 /* Main.storyboard */,
				9261083F1CE50447009F3E86 /* Magic Move */,
			);
			name = Tinder;
			sourceTree = "<group>";
		};
		9261083A1CE4EDC4009F3E86 /* subviews/xibs */ = {
			isa = PBXGroup;
			children = (
				9261082E1CE25B74009F3E86 /* CustomCardView.xib */,
				926108301CE25B84009F3E86 /* CustomOverlayView.xib */,
			);
			name = subviews/xibs;
			sourceTree = "<group>";
		};
		9261083B1CE4EDF7009F3E86 /* sounds */ = {
			isa = PBXGroup;
			children = (
				926108321CE25C22009F3E86 /* woosh.wav */,
			);
			name = sounds;
			sourceTree = "<group>";
		};
		9261083C1CE4F8D5009F3E86 /* Globals/Helper Files */ = {
			isa = PBXGroup;
			children = (
				926108581CEA11B9009F3E86 /* Alert.swift */,
				929A71DA1CEB935E000C9549 /* DatePickerDialog.swift */,
				9261083D1CE4F8E3009F3E86 /* globals.swift */,
				929FDB841CFA7AE100ACE474 /* UIImageExtension.swift */,
			);
			name = "Globals/Helper Files";
			sourceTree = "<group>";
		};
		9261083F1CE50447009F3E86 /* Magic Move */ = {
			isa = PBXGroup;
			children = (
				926108401CE50661009F3E86 /* MagicMoveExt.swift */,
				926108421CE5066F009F3E86 /* UIViewExt.swift */,
				926108431CE5066F009F3E86 /* UIGestureRecognizerExt.swift */,
				926108461CE50755009F3E86 /* MagicMove.swift */,
				926108481CE5079E009F3E86 /* CustomTransitionExamples.swift */,
			);
			name = "Magic Move";
			sourceTree = "<group>";
		};
		926108531CEA0E95009F3E86 /* Onboarding */ = {
			isa = PBXGroup;
			children = (
				926108541CEA0EA6009F3E86 /* Onboarding.storyboard */,
				926108561CEA0EC0009F3E86 /* SignUpLogInViewController.swift */,
			);
			name = Onboarding;
			sourceTree = "<group>";
		};
		9261085A1CEA1939009F3E86 /* Models */ = {
			isa = PBXGroup;
			children = (
				920BF8361D43346B00104842 /* Chat.swift */,
				9261085B1CEA196C009F3E86 /* User.swift */,
				9288194B1D2BDCFC000A8E04 /* Tag.swift */,
				920BF82A1D43167000104842 /* Match.swift */,
			);
			name = Models;
			sourceTree = "<group>";
		};
		9273B7991CFF491D0001A608 /* 8tracks Filtering Search */ = {
			isa = PBXGroup;
			children = (
				920BF81A1D3FF5E300104842 /* TagListView */,
				928819391D1AE484000A8E04 /* Subview Files */,
				9273B79A1CFF4D010001A608 /* Filtering.storyboard */,
				928819351D18E78B000A8E04 /* FilterTagViewController.swift */,
				920BF8261D415FC000104842 /* FilterQueryViewController.swift */,
			);
			name = "8tracks Filtering Search";
			sourceTree = "<group>";
		};
		928819391D1AE484000A8E04 /* Subview Files */ = {
			isa = PBXGroup;
			children = (
				9288193A1D1AE588000A8E04 /* StackViewTagButtons.swift */,
				9288193E1D1C2DEB000A8E04 /* DistanceSliderView.swift */,
				928819421D1C42B0000A8E04 /* AgeDoubleRangeSliderView.swift */,
				928819561D2DFC45000A8E04 /* SpecialtyTagEnviromentHolderView.swift */,
				922C89831D4A07D500DE1373 /* ChachaTagDropDown.swift */,
				922C89851D4B1F1D00DE1373 /* ScrollViewSearchView.xib */,
				922C89871D4B1F6400DE1373 /* ScrollViewSearchView.swift */,
				922C89921D4C460200DE1373 /* CustomTagsSearchBar.swift */,
			);
			name = "Subview Files";
			sourceTree = "<group>";
		};
		928819441D286C70000A8E04 /* Profile */ = {
			isa = PBXGroup;
			children = (
				928819451D286CA8000A8E04 /* Profile.storyboard */,
				928819471D2874D8000A8E04 /* AddingTagsToProfileViewController.swift */,
				928819491D2A1C26000A8E04 /* ProfileIndexViewController.swift */,
				920BF8281D41DF9400104842 /* EditProfileViewController.swift */,
			);
			name = Profile;
			sourceTree = "<group>";
		};
		9288194D1D2BECC8000A8E04 /* Navigation/PageView Controllers */ = {
			isa = PBXGroup;
			children = (
				92E59B031CF52CD100B0B1A4 /* PageMainViewController.swift */,
				92B02AB91D46F49D00624716 /* ChachaNavigationViewController.swift */,
			);
			name = "Navigation/PageView Controllers";
			sourceTree = "<group>";
		};
		929A71E51CECDF4C000C9549 /* Koloda */ = {
			isa = PBXGroup;
			children = (
				926108281CE255ED009F3E86 /* CustomKolodaView.swift */,
				926108341CE25C5E009F3E86 /* CustomOverlayView.swift */,
				9261082C1CE25994009F3E86 /* CustomCardView.swift */,
			);
			name = Koloda;
			sourceTree = "<group>";
		};
		92E59B051CF677FD00B0B1A4 /* Pop Ups */ = {
			isa = PBXGroup;
			children = (
				92E59B081CF67DF300B0B1A4 /* PopUpSuperViewController.swift */,
				929A71E21CEBBCAF000C9549 /* UserDetailPopUpViewController.swift */,
				929FDB7F1CFA6F0400ACE474 /* PopUp.storyboard */,
				929FDB821CFA705C00ACE474 /* BottomPicturePopUpViewController.swift */,
			);
			name = "Pop Ups";
			sourceTree = "<group>";
		};
		BFA60E1891DF6F443D90FC3D /* Pods */ = {
			isa = PBXGroup;
			children = (
				162090DFB081217222A2CCC6 /* Pods-ChachaT.debug.xcconfig */,
				B01750B5B900A56471484C28 /* Pods-ChachaT.release.xcconfig */,
			);
			name = Pods;
			sourceTree = "<group>";
		};
/* End PBXGroup section */

/* Begin PBXNativeTarget section */
		926108121CDBCA32009F3E86 /* ChachaT */ = {
			isa = PBXNativeTarget;
			buildConfigurationList = 926108251CDBCA32009F3E86 /* Build configuration list for PBXNativeTarget "ChachaT" */;
			buildPhases = (
				130EA06B286CCE4B210A3C72 /* 📦 Check Pods Manifest.lock */,
				9261080F1CDBCA32009F3E86 /* Sources */,
				926108101CDBCA32009F3E86 /* Frameworks */,
				926108111CDBCA32009F3E86 /* Resources */,
				582A8795456D26AB54348EC6 /* 📦 Embed Pods Frameworks */,
				405A34D77C5ED01C93303EAB /* 📦 Copy Pods Resources */,
				CAFE23290D56C440B29A7F5C /* Embed Pods Frameworks */,
			);
			buildRules = (
			);
			dependencies = (
			);
			name = ChachaT;
			productName = ChachaT;
			productReference = 926108131CDBCA32009F3E86 /* ChachaT.app */;
			productType = "com.apple.product-type.application";
		};
/* End PBXNativeTarget section */

/* Begin PBXProject section */
		9261080B1CDBCA32009F3E86 /* Project object */ = {
			isa = PBXProject;
			attributes = {
				LastSwiftUpdateCheck = 0730;
				LastUpgradeCheck = 0730;
				ORGANIZATIONNAME = Chong500Productions;
				TargetAttributes = {
					926108121CDBCA32009F3E86 = {
						CreatedOnToolsVersion = 7.3.1;
						DevelopmentTeam = K385R9QJ5N;
					};
				};
			};
			buildConfigurationList = 9261080E1CDBCA32009F3E86 /* Build configuration list for PBXProject "ChachaT" */;
			compatibilityVersion = "Xcode 3.2";
			developmentRegion = English;
			hasScannedForEncodings = 0;
			knownRegions = (
				en,
				Base,
			);
			mainGroup = 9261080A1CDBCA32009F3E86;
			productRefGroup = 926108141CDBCA32009F3E86 /* Products */;
			projectDirPath = "";
			projectRoot = "";
			targets = (
				926108121CDBCA32009F3E86 /* ChachaT */,
			);
		};
/* End PBXProject section */

/* Begin PBXResourcesBuildPhase section */
		926108111CDBCA32009F3E86 /* Resources */ = {
			isa = PBXResourcesBuildPhase;
			buildActionMask = 2147483647;
			files = (
				926108211CDBCA32009F3E86 /* LaunchScreen.storyboard in Resources */,
				928819461D286CA8000A8E04 /* Profile.storyboard in Resources */,
				926108331CE25C22009F3E86 /* woosh.wav in Resources */,
				9261081E1CDBCA32009F3E86 /* Assets.xcassets in Resources */,
				922C89861D4B1F1D00DE1373 /* ScrollViewSearchView.xib in Resources */,
				929FDB811CFA6F0400ACE474 /* PopUp.storyboard in Resources */,
				926108311CE25B84009F3E86 /* CustomOverlayView.xib in Resources */,
				926108551CEA0EA6009F3E86 /* Onboarding.storyboard in Resources */,
				920BF8211D3FF5E300104842 /* Info.plist in Resources */,
				9273B79B1CFF4D010001A608 /* Filtering.storyboard in Resources */,
				9261081C1CDBCA32009F3E86 /* Main.storyboard in Resources */,
				9261082F1CE25B74009F3E86 /* CustomCardView.xib in Resources */,
			);
			runOnlyForDeploymentPostprocessing = 0;
		};
/* End PBXResourcesBuildPhase section */

/* Begin PBXShellScriptBuildPhase section */
		130EA06B286CCE4B210A3C72 /* 📦 Check Pods Manifest.lock */ = {
			isa = PBXShellScriptBuildPhase;
			buildActionMask = 2147483647;
			files = (
			);
			inputPaths = (
			);
			name = "📦 Check Pods Manifest.lock";
			outputPaths = (
			);
			runOnlyForDeploymentPostprocessing = 0;
			shellPath = /bin/sh;
			shellScript = "diff \"${PODS_ROOT}/../Podfile.lock\" \"${PODS_ROOT}/Manifest.lock\" > /dev/null\nif [[ $? != 0 ]] ; then\n    cat << EOM\nerror: The sandbox is not in sync with the Podfile.lock. Run 'pod install' or update your CocoaPods installation.\nEOM\n    exit 1\nfi\n";
			showEnvVarsInLog = 0;
		};
		405A34D77C5ED01C93303EAB /* 📦 Copy Pods Resources */ = {
			isa = PBXShellScriptBuildPhase;
			buildActionMask = 2147483647;
			files = (
			);
			inputPaths = (
			);
			name = "📦 Copy Pods Resources";
			outputPaths = (
			);
			runOnlyForDeploymentPostprocessing = 0;
			shellPath = /bin/sh;
			shellScript = "\"${SRCROOT}/Pods/Target Support Files/Pods-ChachaT/Pods-ChachaT-resources.sh\"\n";
			showEnvVarsInLog = 0;
		};
		582A8795456D26AB54348EC6 /* 📦 Embed Pods Frameworks */ = {
			isa = PBXShellScriptBuildPhase;
			buildActionMask = 2147483647;
			files = (
			);
			inputPaths = (
			);
			name = "📦 Embed Pods Frameworks";
			outputPaths = (
			);
			runOnlyForDeploymentPostprocessing = 0;
			shellPath = /bin/sh;
			shellScript = "\"${SRCROOT}/Pods/Target Support Files/Pods-ChachaT/Pods-ChachaT-frameworks.sh\"\n";
			showEnvVarsInLog = 0;
		};
		CAFE23290D56C440B29A7F5C /* Embed Pods Frameworks */ = {
			isa = PBXShellScriptBuildPhase;
			buildActionMask = 2147483647;
			files = (
			);
			inputPaths = (
			);
			name = "Embed Pods Frameworks";
			outputPaths = (
			);
			runOnlyForDeploymentPostprocessing = 0;
			shellPath = /bin/sh;
			shellScript = "\"${SRCROOT}/Pods/Target Support Files/Pods-ChachaT/Pods-ChachaT-frameworks.sh\"\n";
			showEnvVarsInLog = 0;
		};
/* End PBXShellScriptBuildPhase section */

/* Begin PBXSourcesBuildPhase section */
		9261080F1CDBCA32009F3E86 /* Sources */ = {
			isa = PBXSourcesBuildPhase;
			buildActionMask = 2147483647;
			files = (
				926108291CE255ED009F3E86 /* CustomKolodaView.swift in Sources */,
				926108571CEA0EC0009F3E86 /* SignUpLogInViewController.swift in Sources */,
				926108491CE5079E009F3E86 /* CustomTransitionExamples.swift in Sources */,
				922C899B1D4D901E00DE1373 /* ChachaChosenTagListView.swift in Sources */,
				926108591CEA11B9009F3E86 /* Alert.swift in Sources */,
				9261085C1CEA196C009F3E86 /* User.swift in Sources */,
				9261082B1CE257AE009F3E86 /* BackgroundAnimationViewController.swift in Sources */,
				9288194A1D2A1C26000A8E04 /* ProfileIndexViewController.swift in Sources */,
				920BF8371D43346B00104842 /* Chat.swift in Sources */,
				929A71DB1CEB935E000C9549 /* DatePickerDialog.swift in Sources */,
				92CEC1121D37F8DE005BD321 /* TagEnums.swift in Sources */,
				920BF8231D3FF5E300104842 /* TagView.swift in Sources */,
				920BF8271D415FC000104842 /* FilterQueryViewController.swift in Sources */,
				92E59B041CF52CD100B0B1A4 /* PageMainViewController.swift in Sources */,
				920BF8291D41DF9400104842 /* EditProfileViewController.swift in Sources */,
				928819431D1C42B0000A8E04 /* AgeDoubleRangeSliderView.swift in Sources */,
				928819481D2874D8000A8E04 /* AddingTagsToProfileViewController.swift in Sources */,
				926108451CE5066F009F3E86 /* UIGestureRecognizerExt.swift in Sources */,
				922C89931D4C460200DE1373 /* CustomTagsSearchBar.swift in Sources */,
				920BF82B1D43167000104842 /* Match.swift in Sources */,
				9261083E1CE4F8E3009F3E86 /* globals.swift in Sources */,
				920BF8341D432E2500104842 /* MatchesViewController.swift in Sources */,
				929FDB831CFA705C00ACE474 /* BottomPicturePopUpViewController.swift in Sources */,
				920BF8321D431CD000104842 /* MatchDataStore.swift in Sources */,
				926108411CE50661009F3E86 /* MagicMoveExt.swift in Sources */,
				920BF8201D3FF5E300104842 /* CloseButton.swift in Sources */,
				92E59B091CF67DF300B0B1A4 /* PopUpSuperViewController.swift in Sources */,
				922C89991D4D86C800DE1373 /* ChachaChoicesTagListView.swift in Sources */,
				928819361D18E78B000A8E04 /* FilterTagViewController.swift in Sources */,
				9288193B1D1AE588000A8E04 /* StackViewTagButtons.swift in Sources */,
				922C89841D4A07D500DE1373 /* ChachaTagDropDown.swift in Sources */,
				9288194C1D2BDCFC000A8E04 /* Tag.swift in Sources */,
				92B02ABA1D46F49D00624716 /* ChachaNavigationViewController.swift in Sources */,
				928819571D2DFC45000A8E04 /* SpecialtyTagEnviromentHolderView.swift in Sources */,
				926108441CE5066F009F3E86 /* UIViewExt.swift in Sources */,
				926108351CE25C5E009F3E86 /* CustomOverlayView.swift in Sources */,
				920BF8221D3FF5E300104842 /* TagListView.swift in Sources */,
				929FDB851CFA7AE100ACE474 /* UIImageExtension.swift in Sources */,
				9261082D1CE25994009F3E86 /* CustomCardView.swift in Sources */,
				922C89881D4B1F6400DE1373 /* ScrollViewSearchView.swift in Sources */,
				926108471CE50755009F3E86 /* MagicMove.swift in Sources */,
				929A71E31CEBBCAF000C9549 /* UserDetailPopUpViewController.swift in Sources */,
				9288193F1D1C2DEB000A8E04 /* DistanceSliderView.swift in Sources */,
				920BF8391D4334DF00104842 /* ChatViewController.swift in Sources */,
				9261084B1CE50816009F3E86 /* CardDetailViewController.swift in Sources */,
				926108171CDBCA32009F3E86 /* AppDelegate.swift in Sources */,
				922C89911D4C087E00DE1373 /* CustomBackgroundAnimationToSearchSegue.swift in Sources */,
				920BF8251D3FF63A00104842 /* SpecialtyTagView.swift in Sources */,
			);
			runOnlyForDeploymentPostprocessing = 0;
		};
/* End PBXSourcesBuildPhase section */

/* Begin PBXVariantGroup section */
		9261081A1CDBCA32009F3E86 /* Main.storyboard */ = {
			isa = PBXVariantGroup;
			children = (
				9261081B1CDBCA32009F3E86 /* Base */,
			);
			name = Main.storyboard;
			sourceTree = "<group>";
		};
		9261081F1CDBCA32009F3E86 /* LaunchScreen.storyboard */ = {
			isa = PBXVariantGroup;
			children = (
				926108201CDBCA32009F3E86 /* Base */,
			);
			name = LaunchScreen.storyboard;
			sourceTree = "<group>";
		};
		929FDB7F1CFA6F0400ACE474 /* PopUp.storyboard */ = {
			isa = PBXVariantGroup;
			children = (
				929FDB801CFA6F0400ACE474 /* Base */,
			);
			name = PopUp.storyboard;
			sourceTree = "<group>";
		};
/* End PBXVariantGroup section */

/* Begin XCBuildConfiguration section */
		926108231CDBCA32009F3E86 /* Debug */ = {
			isa = XCBuildConfiguration;
			buildSettings = {
				ALWAYS_SEARCH_USER_PATHS = NO;
				CLANG_ANALYZER_NONNULL = YES;
				CLANG_CXX_LANGUAGE_STANDARD = "gnu++0x";
				CLANG_CXX_LIBRARY = "libc++";
				CLANG_ENABLE_MODULES = YES;
				CLANG_ENABLE_OBJC_ARC = YES;
				CLANG_WARN_BOOL_CONVERSION = YES;
				CLANG_WARN_CONSTANT_CONVERSION = YES;
				CLANG_WARN_DIRECT_OBJC_ISA_USAGE = YES_ERROR;
				CLANG_WARN_EMPTY_BODY = YES;
				CLANG_WARN_ENUM_CONVERSION = YES;
				CLANG_WARN_INT_CONVERSION = YES;
				CLANG_WARN_OBJC_ROOT_CLASS = YES_ERROR;
				CLANG_WARN_UNREACHABLE_CODE = YES;
				CLANG_WARN__DUPLICATE_METHOD_MATCH = YES;
				"CODE_SIGN_IDENTITY[sdk=iphoneos*]" = "iPhone Developer";
				COPY_PHASE_STRIP = NO;
				DEBUG_INFORMATION_FORMAT = dwarf;
				ENABLE_STRICT_OBJC_MSGSEND = YES;
				ENABLE_TESTABILITY = YES;
				GCC_C_LANGUAGE_STANDARD = gnu99;
				GCC_DYNAMIC_NO_PIC = NO;
				GCC_NO_COMMON_BLOCKS = YES;
				GCC_OPTIMIZATION_LEVEL = 0;
				GCC_PREPROCESSOR_DEFINITIONS = (
					"DEBUG=1",
					"$(inherited)",
				);
				GCC_WARN_64_TO_32_BIT_CONVERSION = YES;
				GCC_WARN_ABOUT_RETURN_TYPE = YES_ERROR;
				GCC_WARN_UNDECLARED_SELECTOR = YES;
				GCC_WARN_UNINITIALIZED_AUTOS = YES_AGGRESSIVE;
				GCC_WARN_UNUSED_FUNCTION = YES;
				GCC_WARN_UNUSED_VARIABLE = YES;
				IPHONEOS_DEPLOYMENT_TARGET = 9.3;
				MTL_ENABLE_DEBUG_INFO = YES;
				ONLY_ACTIVE_ARCH = YES;
				SDKROOT = iphoneos;
				SWIFT_OPTIMIZATION_LEVEL = "-Onone";
			};
			name = Debug;
		};
		926108241CDBCA32009F3E86 /* Release */ = {
			isa = XCBuildConfiguration;
			buildSettings = {
				ALWAYS_SEARCH_USER_PATHS = NO;
				CLANG_ANALYZER_NONNULL = YES;
				CLANG_CXX_LANGUAGE_STANDARD = "gnu++0x";
				CLANG_CXX_LIBRARY = "libc++";
				CLANG_ENABLE_MODULES = YES;
				CLANG_ENABLE_OBJC_ARC = YES;
				CLANG_WARN_BOOL_CONVERSION = YES;
				CLANG_WARN_CONSTANT_CONVERSION = YES;
				CLANG_WARN_DIRECT_OBJC_ISA_USAGE = YES_ERROR;
				CLANG_WARN_EMPTY_BODY = YES;
				CLANG_WARN_ENUM_CONVERSION = YES;
				CLANG_WARN_INT_CONVERSION = YES;
				CLANG_WARN_OBJC_ROOT_CLASS = YES_ERROR;
				CLANG_WARN_UNREACHABLE_CODE = YES;
				CLANG_WARN__DUPLICATE_METHOD_MATCH = YES;
				"CODE_SIGN_IDENTITY[sdk=iphoneos*]" = "iPhone Developer";
				COPY_PHASE_STRIP = NO;
				DEBUG_INFORMATION_FORMAT = "dwarf-with-dsym";
				ENABLE_NS_ASSERTIONS = NO;
				ENABLE_STRICT_OBJC_MSGSEND = YES;
				GCC_C_LANGUAGE_STANDARD = gnu99;
				GCC_NO_COMMON_BLOCKS = YES;
				GCC_WARN_64_TO_32_BIT_CONVERSION = YES;
				GCC_WARN_ABOUT_RETURN_TYPE = YES_ERROR;
				GCC_WARN_UNDECLARED_SELECTOR = YES;
				GCC_WARN_UNINITIALIZED_AUTOS = YES_AGGRESSIVE;
				GCC_WARN_UNUSED_FUNCTION = YES;
				GCC_WARN_UNUSED_VARIABLE = YES;
				IPHONEOS_DEPLOYMENT_TARGET = 9.3;
				MTL_ENABLE_DEBUG_INFO = NO;
				SDKROOT = iphoneos;
				VALIDATE_PRODUCT = YES;
			};
			name = Release;
		};
		926108261CDBCA32009F3E86 /* Debug */ = {
			isa = XCBuildConfiguration;
			baseConfigurationReference = 162090DFB081217222A2CCC6 /* Pods-ChachaT.debug.xcconfig */;
			buildSettings = {
				ASSETCATALOG_COMPILER_APPICON_NAME = AppIcon;
				CLANG_ENABLE_MODULES = YES;
				CODE_SIGN_IDENTITY = "iPhone Developer";
				"CODE_SIGN_IDENTITY[sdk=iphoneos*]" = "iPhone Developer";
				INFOPLIST_FILE = ChachaT/Info.plist;
				LD_RUNPATH_SEARCH_PATHS = "$(inherited) @executable_path/Frameworks";
				PRODUCT_BUNDLE_IDENTIFIER = dcj.Chong500Productions.ChachaT;
				PRODUCT_NAME = "$(TARGET_NAME)";
				PROVISIONING_PROFILE = "";
				SWIFT_OBJC_BRIDGING_HEADER = "ChachaT/ChachaT-Bridging-Header.h";
				SWIFT_OPTIMIZATION_LEVEL = "-Onone";
			};
			name = Debug;
		};
		926108271CDBCA32009F3E86 /* Release */ = {
			isa = XCBuildConfiguration;
			baseConfigurationReference = B01750B5B900A56471484C28 /* Pods-ChachaT.release.xcconfig */;
			buildSettings = {
				ASSETCATALOG_COMPILER_APPICON_NAME = AppIcon;
				CLANG_ENABLE_MODULES = YES;
				CODE_SIGN_IDENTITY = "iPhone Developer";
				"CODE_SIGN_IDENTITY[sdk=iphoneos*]" = "iPhone Developer";
				INFOPLIST_FILE = ChachaT/Info.plist;
				LD_RUNPATH_SEARCH_PATHS = "$(inherited) @executable_path/Frameworks";
				PRODUCT_BUNDLE_IDENTIFIER = dcj.Chong500Productions.ChachaT;
				PRODUCT_NAME = "$(TARGET_NAME)";
				PROVISIONING_PROFILE = "";
				SWIFT_OBJC_BRIDGING_HEADER = "ChachaT/ChachaT-Bridging-Header.h";
			};
			name = Release;
		};
/* End XCBuildConfiguration section */

/* Begin XCConfigurationList section */
		9261080E1CDBCA32009F3E86 /* Build configuration list for PBXProject "ChachaT" */ = {
			isa = XCConfigurationList;
			buildConfigurations = (
				926108231CDBCA32009F3E86 /* Debug */,
				926108241CDBCA32009F3E86 /* Release */,
			);
			defaultConfigurationIsVisible = 0;
			defaultConfigurationName = Release;
		};
		926108251CDBCA32009F3E86 /* Build configuration list for PBXNativeTarget "ChachaT" */ = {
			isa = XCConfigurationList;
			buildConfigurations = (
				926108261CDBCA32009F3E86 /* Debug */,
				926108271CDBCA32009F3E86 /* Release */,
			);
			defaultConfigurationIsVisible = 0;
			defaultConfigurationName = Release;
		};
/* End XCConfigurationList section */
	};
	rootObject = 9261080B1CDBCA32009F3E86 /* Project object */;
}
